github.com/beorn7/perks v1.0.1 h1:VlbKKnNfV8bJzeqoa4cOKqO6bYr3WgKZxO8Z16+hsOM=
github.com/beorn7/perks v1.0.1/go.mod h1:G2ZrVWU2WbWT9wwq4/hrbKbnv/1ERSJQ0ibhJ6rlkpw=
github.com/brotherlogic/discogs v0.0.0-20230707001541-dcbebe25de22 h1:lbuSSqymy52iBtcCbwmMU/EXFuJIyyfL9iXLiIfc3bI=
github.com/brotherlogic/discogs v0.0.0-20230707001541-dcbebe25de22/go.mod h1:OUJ3vqv+ISm2PghImfazIO5bk7SXbuQfBbM+9Z/Pz+k=
github.com/brotherlogic/discogs v0.0.0-20230815000447-c8b5c646b70f h1:EYPlukA/AHOncUr7u8p/wIsx0bYHIXkEsvKisrH+tUc=
github.com/brotherlogic/discogs v0.0.0-20230815000447-c8b5c646b70f/go.mod h1:OUJ3vqv+ISm2PghImfazIO5bk7SXbuQfBbM+9Z/Pz+k=
github.com/brotherlogic/discogs v0.0.0-20230816035235-b3b0f7be194e h1:0hdNtlawG/BtBGNRDstUq89G1yhNvlTvBZYnXKm/3Xc=
github.com/brotherlogic/discogs v0.0.0-20230816035235-b3b0f7be194e/go.mod h1:OUJ3vqv+ISm2PghImfazIO5bk7SXbuQfBbM+9Z/Pz+k=
github.com/brotherlogic/discogs v0.0.0-20230816040845-29c080a87d28 h1:rjm8wwfpn9N1U/hUbADY8+XG3OwUAHcJvamfGpx3Zrg=
github.com/brotherlogic/discogs v0.0.0-20230816040845-29c080a87d28/go.mod h1:OUJ3vqv+ISm2PghImfazIO5bk7SXbuQfBbM+9Z/Pz+k=
github.com/brotherlogic/discogs v0.0.0-20230821235815-2261e72e2493 h1:oMfMQL+mPOIysgUO9NiBeRhwDPlAX7oLZsG1XdXu+kA=
github.com/brotherlogic/discogs v0.0.0-20230821235815-2261e72e2493/go.mod h1:OUJ3vqv+ISm2PghImfazIO5bk7SXbuQfBbM+9Z/Pz+k=
github.com/brotherlogic/discogs v0.0.0-20230901234559-64337a1330d8 h1:pii6rmh/e5/wvZK5I75C61MeupK3uPhSQgIAAp6i9y4=
github.com/brotherlogic/discogs v0.0.0-20230901234559-64337a1330d8/go.mod h1:OUJ3vqv+ISm2PghImfazIO5bk7SXbuQfBbM+9Z/Pz+k=
github.com/brotherlogic/discogs v0.0.0-20230907043447-e029a6b07ab4 h1:caxhJUrQ8Ion98qc0OcQi0Yy/GTGQYh/R8A7m7ePp2I=
github.com/brotherlogic/discogs v0.0.0-20230907043447-e029a6b07ab4/go.mod h1:OUJ3vqv+ISm2PghImfazIO5bk7SXbuQfBbM+9Z/Pz+k=
github.com/brotherlogic/discogs v0.0.0-20230907231234-feea97de33e0 h1:J0MXjpy29JRLayHK0hnsf/BDdMshss1fdvS4wfcAOVI=
github.com/brotherlogic/discogs v0.0.0-20230907231234-feea97de33e0/go.mod h1:OUJ3vqv+ISm2PghImfazIO5bk7SXbuQfBbM+9Z/Pz+k=
github.com/brotherlogic/discogs v0.0.0-20230908170305-3d1e56567b1e h1:lZ3vT4xNj2ASOwEi76f0zFOavTNXuB6v3h9at64wBFI=
github.com/brotherlogic/discogs v0.0.0-20230908170305-3d1e56567b1e/go.mod h1:OUJ3vqv+ISm2PghImfazIO5bk7SXbuQfBbM+9Z/Pz+k=
github.com/brotherlogic/discogs v0.0.0-20230909154530-22fefee35a60 h1:j/WDoFFshuhoKaejYKDs9kE4aJ9rKIahWBlLeAb11SU=
github.com/brotherlogic/discogs v0.0.0-20230909154530-22fefee35a60/go.mod h1:OUJ3vqv+ISm2PghImfazIO5bk7SXbuQfBbM+9Z/Pz+k=
github.com/brotherlogic/discogs v0.0.0-20230911182931-da855fac2cf0 h1:S1HFj3AsxqhhvFqGDlYDnoaGizlkYGLVFsJjZG3c2yc=
github.com/brotherlogic/discogs v0.0.0-20230911182931-da855fac2cf0/go.mod h1:OUJ3vqv+ISm2PghImfazIO5bk7SXbuQfBbM+9Z/Pz+k=
github.com/brotherlogic/discogs v0.0.0-20230911225422-fca01a07f700 h1:A0VY5Di15w2/9Yo7Q1Am1iNYzGNys/3SohZE2WYXW3A=
github.com/brotherlogic/discogs v0.0.0-20230911225422-fca01a07f700/go.mod h1:OUJ3vqv+ISm2PghImfazIO5bk7SXbuQfBbM+9Z/Pz+k=
github.com/brotherlogic/discogs v0.0.0-20230911231906-4e69f4b9738d h1:Xp8Pv/JV/K8yM1OHyhmqEtbgeBcnHbbCO+R2BjDzVAs=
github.com/brotherlogic/discogs v0.0.0-20230911231906-4e69f4b9738d/go.mod h1:OUJ3vqv+ISm2PghImfazIO5bk7SXbuQfBbM+9Z/Pz+k=
github.com/brotherlogic/discogs v0.0.0-20230911235838-6283d17d5191 h1:U79Rk/KB95ZOTl4cwc8u6GpiYyhbi0VSugDBkZj7kU0=
github.com/brotherlogic/discogs v0.0.0-20230911235838-6283d17d5191/go.mod h1:OUJ3vqv+ISm2PghImfazIO5bk7SXbuQfBbM+9Z/Pz+k=
github.com/brotherlogic/discogs v0.0.0-20230914015409-3b95a572c207 h1:G36bjRrIBHQqp22BBh9ujfBbavfxp7WnpNi6WStSQIA=
github.com/brotherlogic/discogs v0.0.0-20230914015409-3b95a572c207/go.mod h1:3xgdt6EWVktIbsF+QVkj8L/9Qs4e2ATLmGjgSNu1BDA=
github.com/brotherlogic/discogs v0.0.0-20230914021508-6c03fb688e71 h1:C0U3X412Kvg0ys/Ree91EIhTEC7DeUV1SK0QxyARwOU=
github.com/brotherlogic/discogs v0.0.0-20230914021508-6c03fb688e71/go.mod h1:3xgdt6EWVktIbsF+QVkj8L/9Qs4e2ATLmGjgSNu1BDA=
github.com/brotherlogic/discogs v0.0.0-20230922035820-68374ae6d157 h1:lEB2MgyXiB80xsk97PFdV1nE3U9HLVxfzXs4GuPCE9w=
github.com/brotherlogic/discogs v0.0.0-20230922035820-68374ae6d157/go.mod h1:3xgdt6EWVktIbsF+QVkj8L/9Qs4e2ATLmGjgSNu1BDA=
github.com/brotherlogic/discogs v0.0.0-20230922041505-ac96b8abd41f h1:rmIUOFYPlx5arzRA3L4YAkvS1tlEIzYC4IWT0op6PQk=
github.com/brotherlogic/discogs v0.0.0-20230922041505-ac96b8abd41f/go.mod h1:3xgdt6EWVktIbsF+QVkj8L/9Qs4e2ATLmGjgSNu1BDA=
github.com/brotherlogic/discogs v0.0.0-20230922043812-c22d6c85cfc6 h1:2Ut4uKv1z+UYmnWHkLKzDLq48uAMfHcDDhb9oFaTX+Q=
github.com/brotherlogic/discogs v0.0.0-20230922043812-c22d6c85cfc6/go.mod h1:3xgdt6EWVktIbsF+QVkj8L/9Qs4e2ATLmGjgSNu1BDA=
github.com/brotherlogic/discogs v0.0.0-20230922144411-f22d86dd7c75 h1:Cji5rW2rKhYXc6NgdKuog5hb4Zm3+6RyMgfoiGNQMyY=
github.com/brotherlogic/discogs v0.0.0-20230922144411-f22d86dd7c75/go.mod h1:3xgdt6EWVktIbsF+QVkj8L/9Qs4e2ATLmGjgSNu1BDA=
github.com/brotherlogic/discogs v0.0.0-20230922152159-a19a81ba3f83 h1:OL6rhsWteUNbgiVZzm3dEiQBtLBoc0dSMw4yrUqwhXU=
github.com/brotherlogic/discogs v0.0.0-20230922152159-a19a81ba3f83/go.mod h1:3xgdt6EWVktIbsF+QVkj8L/9Qs4e2ATLmGjgSNu1BDA=
github.com/brotherlogic/discogs v0.0.0-20230926034701-349b483a1ebb h1:R1280Ek80EL3Lni609Yo4a0VwLGZX1jmsMiapbv7lZs=
github.com/brotherlogic/discogs v0.0.0-20230926034701-349b483a1ebb/go.mod h1:3xgdt6EWVktIbsF+QVkj8L/9Qs4e2ATLmGjgSNu1BDA=
github.com/brotherlogic/discogs v0.0.0-20230926234344-881509b90fa6 h1:09le5IoddGu9CPuxNQ3ys3Q7qs1/Joms/wc5407BVsE=
github.com/brotherlogic/discogs v0.0.0-20230926234344-881509b90fa6/go.mod h1:3xgdt6EWVktIbsF+QVkj8L/9Qs4e2ATLmGjgSNu1BDA=
github.com/brotherlogic/discogs v0.0.0-20230926235645-81d0d165e115 h1:ae9KSgcYcUJscWJaT6jdHe3yYHVCFzDT98Twb3K6TDI=
github.com/brotherlogic/discogs v0.0.0-20230926235645-81d0d165e115/go.mod h1:3xgdt6EWVktIbsF+QVkj8L/9Qs4e2ATLmGjgSNu1BDA=
github.com/brotherlogic/discogs v0.0.0-20230929233032-4cbdbfc2680f h1:iG2lxIXCcUARB5ZYCmX27g1tD/WbAIOukhOkkhvAvw4=
github.com/brotherlogic/discogs v0.0.0-20230929233032-4cbdbfc2680f/go.mod h1:3xgdt6EWVktIbsF+QVkj8L/9Qs4e2ATLmGjgSNu1BDA=
github.com/brotherlogic/discogs v0.0.0-20231001025949-c61a07075d91 h1:/DzRnTlVjnRAMxzTXyAKe5wmVRuv87e8Doxjc8dGeuA=
github.com/brotherlogic/discogs v0.0.0-20231001025949-c61a07075d91/go.mod h1:3xgdt6EWVktIbsF+QVkj8L/9Qs4e2ATLmGjgSNu1BDA=
github.com/brotherlogic/discogs v0.0.0-20231001045133-738d82cc1a6a h1:+UqA7ijBFJ6dnKi8Xn/SbEwTk5qCkEsFBvmpal52X48=
github.com/brotherlogic/discogs v0.0.0-20231001045133-738d82cc1a6a/go.mod h1:3xgdt6EWVktIbsF+QVkj8L/9Qs4e2ATLmGjgSNu1BDA=
github.com/brotherlogic/discogs v0.0.0-20231001231531-819532c3566e h1:dvuZ6R4KpFW8xnZKHrmaSg2oPBMU5ud0271oZh5x6WE=
github.com/brotherlogic/discogs v0.0.0-20231001231531-819532c3566e/go.mod h1:3xgdt6EWVktIbsF+QVkj8L/9Qs4e2ATLmGjgSNu1BDA=
github.com/brotherlogic/discogs v0.0.0-20231001232040-411eaeb3ce19 h1:WcGnz0O9QRcCVIJVNyszRCAwtE+90agkg7/dI4KSP4U=
github.com/brotherlogic/discogs v0.0.0-20231001232040-411eaeb3ce19/go.mod h1:3xgdt6EWVktIbsF+QVkj8L/9Qs4e2ATLmGjgSNu1BDA=
github.com/brotherlogic/discogs v0.0.0-20231002043354-dff9f69cb7ac h1:nswEKjWboWvVo9KaTMN/d85cKm/emKRa/6UsKJ4HEEw=
github.com/brotherlogic/discogs v0.0.0-20231002043354-dff9f69cb7ac/go.mod h1:3xgdt6EWVktIbsF+QVkj8L/9Qs4e2ATLmGjgSNu1BDA=
github.com/brotherlogic/discogs v0.0.0-20231004041357-fae0ceaac73a h1:b+p+CuC3UG2PZYoDu8t/ETctdjwA4LLljhzDzYYTVGw=
github.com/brotherlogic/discogs v0.0.0-20231004041357-fae0ceaac73a/go.mod h1:3xgdt6EWVktIbsF+QVkj8L/9Qs4e2ATLmGjgSNu1BDA=
github.com/brotherlogic/godiscogs v0.0.0-20230922000443-fb73651e941c h1:V+KZ9gFZhBS1SrJWbKlGamC6cb/4lMm70UEn7raXizE=
github.com/brotherlogic/godiscogs v0.0.0-20230922000443-fb73651e941c/go.mod h1:4wYe3uogEJqP77td2b2j69c+TLcSDrqgd5pqj7vlb6U=
github.com/brotherlogic/gramophile/queue v0.0.0-20230817233205-03ff9a14dbed/go.mod h1:MoiQx8KcbVbS64Q64hg+toU+6vYx9jw9vXELASykrrI=
github.com/brotherlogic/recordcollection v0.0.0-20230929004354-8bc2e00c5334 h1:tW5cBWVnoWDMPjvstNbCiheigm4q/y5KFdHmm0Ksj9U=
github.com/brotherlogic/recordcollection v0.0.0-20230929004354-8bc2e00c5334/go.mod h1:IgvGh+07PnfG3TfjUJo9LYzeXAbRhWGswkZ/X5MknIE=
github.com/brotherlogic/rstore v0.35.0 h1:Ebr6qZH2Q7bbA2SAyeAwfkqxmQLVd7UrlzdtNzT0qy0=
github.com/brotherlogic/rstore v0.35.0/go.mod h1:OvTUW9id/7lcCxTnh/0ZcvcGFLjIlHP3WQ0AdxnJyLg=
github.com/cespare/xxhash/v2 v2.2.0 h1:DC2CZ1Ep5Y4k3ZQ899DldepgrayRUGE6BBZ/cd9Cj44=
github.com/cespare/xxhash/v2 v2.2.0/go.mod h1:VGX0DQ3Q6kWi7AoAeZDth3/j3BFtOZR5XLFGgcrjCOs=
github.com/dghubble/oauth1 v0.7.2 h1:pwcinOZy8z6XkNxvPmUDY52M7RDPxt0Xw1zgZ6Cl5JA=
github.com/dghubble/oauth1 v0.7.2/go.mod h1:9erQdIhqhOHG/7K9s/tgh9Ks/AfoyrO5mW/43Lu2+kE=
github.com/golang/protobuf v1.2.0/go.mod h1:6lQm79b+lXiMfvg/cZm0SGofjICqVBUtrP5yJMmIC1U=
github.com/golang/protobuf v1.5.0/go.mod h1:FsONVRAS9T7sI+LIUmWTfcYkHO4aIWwzhcaSAoJOfIk=
github.com/golang/protobuf v1.5.3 h1:KhyjKVUg7Usr/dYsdSqoFveMYd5ko72D+zANwlG1mmg=
github.com/golang/protobuf v1.5.3/go.mod h1:XVQd3VNwM+JqD3oG2Ue2ip4fOMUkwXdXDdiuN0vRsmY=
github.com/google/go-cmp v0.5.5/go.mod h1:v8dTdLbMG2kIc/vJvl+f65V22dbkXbowE6jgT/gNBxE=
github.com/matttproud/golang_protobuf_extensions v1.0.4 h1:mmDVorXM7PCGKw94cs5zkfA9PSy5pEvNWRP0ET0TIVo=
github.com/matttproud/golang_protobuf_extensions v1.0.4/go.mod h1:BSXmuO+STAnVfrANrmjBb36TMTDstsz7MSK+HVaYKv4=
github.com/pkg/browser v0.0.0-20210911075715-681adbf594b8 h1:KoWmjvw+nsYOo29YJK9vDA65RGE3NrOnUtO7a+RF9HU=
github.com/pkg/browser v0.0.0-20210911075715-681adbf594b8/go.mod h1:HKlIX3XHQyzLZPlr7++PzdhaXEj94dEiJgZDTsxEqUI=
github.com/prometheus/client_golang v1.17.0 h1:rl2sfwZMtSthVU752MqfjQozy7blglC+1SOtjMAMh+Q=
github.com/prometheus/client_golang v1.17.0/go.mod h1:VeL+gMmOAxkS2IqfCq0ZmHSL+LjWfWDUmp1mBz9JgUY=
github.com/prometheus/client_model v0.5.0 h1:VQw1hfvPvk3Uv6Qf29VrPF32JB6rtbgI6cYPYQjL0Qw=
github.com/prometheus/client_model v0.5.0/go.mod h1:dTiFglRmd66nLR9Pv9f0mZi7B7fk5Pm3gvsjB5tr+kI=
github.com/prometheus/common v0.44.0 h1:+5BrQJwiBB9xsMygAB3TNvpQKOwlkc25LbISbrdOOfY=
github.com/prometheus/common v0.44.0/go.mod h1:ofAIvZbQ1e/nugmZGz4/qCb9Ap1VoSTIO7x0VV9VvuY=
github.com/prometheus/procfs v0.12.0 h1:jluTpSng7V9hY0O2R9DzzJHYb2xULk9VTR1V1R/k6Bo=
github.com/prometheus/procfs v0.12.0/go.mod h1:pcuDEFsWDnvcgNzo4EEweacyhjeA9Zk3cnaOZAZEfOo=
github.com/stretchr/testify v1.8.3/go.mod h1:sz/lmYIOXD/1dqDmKjjqLyZ2RngseejIcXlSw2iwfAo=
golang.org/x/net v0.15.0 h1:ugBLEUaxABaB5AJqW9enI0ACdci2RUd4eP51NTBvuJ8=
golang.org/x/net v0.15.0/go.mod h1:idbUs1IY1+zTqbi8yxTbhexhEEk5ur9LInksu6HrEpk=
golang.org/x/sync v0.0.0-20181221193216-37e7f081c4d4/go.mod h1:RxMgew5VJxzue5/jJTE5uejpjVlOe/izrB70Jof72aM=
golang.org/x/sys v0.0.0-20210616045830-e2b7044e8c71/go.mod h1:oPkhp1MJrh7nUepCBck5+mAzfO9JrbApNNgaTdGDITg=
golang.org/x/sys v0.12.0 h1:CM0HF96J0hcLAwsHPJZjfdNzs0gftsLfgKt57wWHJ0o=
golang.org/x/sys v0.12.0/go.mod h1:oPkhp1MJrh7nUepCBck5+mAzfO9JrbApNNgaTdGDITg=
golang.org/x/text v0.13.0 h1:ablQoSUd0tRdKxZewP80B+BaqeKJuVhuRxj/dkrun3k=
golang.org/x/text v0.13.0/go.mod h1:TvPlkZtksWOMsz7fbANvkp4WM8x/WCo/om8BMLbz+aE=
golang.org/x/xerrors v0.0.0-20191204190536-9bdfabe68543/go.mod h1:I/5z698sn9Ka8TeJc9MKroUUfqBBauWjQqLJ2OPfmY0=
google.golang.org/genproto/googleapis/rpc v0.0.0-20231002182017-d307bd883b97 h1:6GQBEOdGkX6MMTLT9V+TjtIRZCw9VPD5Z+yHY9wMgS0=
google.golang.org/genproto/googleapis/rpc v0.0.0-20231002182017-d307bd883b97/go.mod h1:v7nGkzlmW8P3n/bKmWBn2WpBjpOEx8Q6gMueudAmKfY=
google.golang.org/grpc v1.58.2 h1:SXUpjxeVF3FKrTYQI4f4KvbGD5u2xccdYdurwowix5I=
google.golang.org/grpc v1.58.2/go.mod h1:tgX3ZQDlNJGU96V6yHh1T/JeoBQ2TXdr43YbYSsCJk0=
google.golang.org/protobuf v1.26.0-rc.1/go.mod h1:jlhhOSvTdKEhbULTjvd4ARK9grFBp09yW+WbY/TyQbw=
google.golang.org/protobuf v1.26.0/go.mod h1:9q0QmTI4eRPtz6boOQmLYwt+qCgq0jsYwAQnmE0givc=
google.golang.org/protobuf v1.31.0 h1:g0LDEJHgrBl9N9r17Ru3sqWhkIx2NB67okBHPwC7hs8=
google.golang.org/protobuf v1.31.0/go.mod h1:HV8QOd/L58Z+nl8r43ehVNZIU/HEI6OcFqwMG9pJV4I=
