github.com/brotherlogic/discogs v0.0.0-20230415163549-5865a252655b h1:gsGa+I+Wj8Fg28LBHvgW8Jow60RirU0+xUxGycsg1QU=
github.com/brotherlogic/discogs v0.0.0-20230415163549-5865a252655b/go.mod h1:OUJ3vqv+ISm2PghImfazIO5bk7SXbuQfBbM+9Z/Pz+k=
github.com/brotherlogic/discogs v0.0.0-20230525174618-68f2c1017805 h1:R+Mid6/9qVtUV7uRAwDqqXD0nV7Q8/4reMIK/AkTacE=
github.com/brotherlogic/discogs v0.0.0-20230525174618-68f2c1017805/go.mod h1:OUJ3vqv+ISm2PghImfazIO5bk7SXbuQfBbM+9Z/Pz+k=
github.com/brotherlogic/discogs v0.0.0-20230531050958-860fff2d172b h1:hyuAC8Y9nP3f6qAzY7/qJxKeZPOzRbF4kVwmhQsQi5M=
github.com/brotherlogic/discogs v0.0.0-20230531050958-860fff2d172b/go.mod h1:OUJ3vqv+ISm2PghImfazIO5bk7SXbuQfBbM+9Z/Pz+k=
github.com/brotherlogic/discogs v0.0.0-20230707001541-dcbebe25de22 h1:lbuSSqymy52iBtcCbwmMU/EXFuJIyyfL9iXLiIfc3bI=
github.com/brotherlogic/discogs v0.0.0-20230707001541-dcbebe25de22/go.mod h1:OUJ3vqv+ISm2PghImfazIO5bk7SXbuQfBbM+9Z/Pz+k=
github.com/brotherlogic/discogs v0.0.0-20230821235815-2261e72e2493 h1:oMfMQL+mPOIysgUO9NiBeRhwDPlAX7oLZsG1XdXu+kA=
github.com/brotherlogic/discogs v0.0.0-20230821235815-2261e72e2493/go.mod h1:OUJ3vqv+ISm2PghImfazIO5bk7SXbuQfBbM+9Z/Pz+k=
github.com/brotherlogic/discogs v0.0.0-20230909154530-22fefee35a60 h1:j/WDoFFshuhoKaejYKDs9kE4aJ9rKIahWBlLeAb11SU=
github.com/brotherlogic/discogs v0.0.0-20230909154530-22fefee35a60/go.mod h1:OUJ3vqv+ISm2PghImfazIO5bk7SXbuQfBbM+9Z/Pz+k=
github.com/brotherlogic/discogs v0.0.0-20230914015409-3b95a572c207 h1:G36bjRrIBHQqp22BBh9ujfBbavfxp7WnpNi6WStSQIA=
github.com/brotherlogic/discogs v0.0.0-20230914015409-3b95a572c207/go.mod h1:3xgdt6EWVktIbsF+QVkj8L/9Qs4e2ATLmGjgSNu1BDA=
github.com/brotherlogic/discogs v0.0.0-20230926022300-1f6c127f48dd h1:Ib9J+b+A1zkhQQqnNqzPpW5OvnPtI9ViFMnHgMpSXmM=
github.com/brotherlogic/discogs v0.0.0-20230926022300-1f6c127f48dd/go.mod h1:3xgdt6EWVktIbsF+QVkj8L/9Qs4e2ATLmGjgSNu1BDA=
github.com/brotherlogic/discogs v0.0.0-20230929233032-4cbdbfc2680f h1:iG2lxIXCcUARB5ZYCmX27g1tD/WbAIOukhOkkhvAvw4=
github.com/brotherlogic/discogs v0.0.0-20230929233032-4cbdbfc2680f/go.mod h1:3xgdt6EWVktIbsF+QVkj8L/9Qs4e2ATLmGjgSNu1BDA=
github.com/brotherlogic/discogs v0.0.0-20231003001033-890a181f42ef h1:RwJx8BLSgWx15s/KzMqHKZItpkH7kRoGRK/syvHzmyo=
github.com/brotherlogic/discogs v0.0.0-20231003001033-890a181f42ef/go.mod h1:3xgdt6EWVktIbsF+QVkj8L/9Qs4e2ATLmGjgSNu1BDA=
github.com/brotherlogic/discogs v0.0.0-20231004035738-feb00d63eaaf h1:3dv1X3CtWLPK2ZjoKtLRv5GmFoI/i4Z5s7Q3AWlsLBo=
github.com/brotherlogic/discogs v0.0.0-20231004035738-feb00d63eaaf/go.mod h1:3xgdt6EWVktIbsF+QVkj8L/9Qs4e2ATLmGjgSNu1BDA=
github.com/brotherlogic/gramophile v0.71.0 h1:h12u7HTzD4I1c4gcbRT5etvIq7M/nvVTEg6moiYpBww=
github.com/brotherlogic/gramophile v0.71.0/go.mod h1:+1T1+WaHd2hibmKj4HNwTr7Cu7hntlWxVRZiLJS39x0=
github.com/brotherlogic/gramophile v0.169.0 h1:TBEfLsida2/msbzhYUaQR4BzX25utMJNkOP/xwfYqDY=
github.com/brotherlogic/gramophile v0.169.0/go.mod h1:HJSB842pvYCusu7twjbimytmXfXsMwpP5o1mA2yndp4=
github.com/brotherlogic/gramophile v0.173.0 h1:VseEJY+80kGz7LV0MLFr9Sm/getAVNYvfQKSn6Qneao=
github.com/brotherlogic/gramophile v0.173.0/go.mod h1:5e6VSDsfcAgGOgg854qMeFJgdM1xWx8gMl/NJkkUbn8=
github.com/brotherlogic/gramophile v0.246.0 h1:/t1J1HDw6g0QNseoXLn3Z9H4a1LYP/08GnLi+f9ekPQ=
github.com/brotherlogic/gramophile v0.246.0/go.mod h1:Q0oHD21hroF6EjC87qALe9mhg57bjmRvlbUWvm+g4fA=
github.com/brotherlogic/gramophile v0.267.0 h1:FAMczQs1LsEBTAWfOIky3fPx+NJReKdkYxMoiERt6kg=
github.com/brotherlogic/gramophile v0.267.0/go.mod h1:oG7xxtGQxk3Hs/Gb2NV6nvLiTRCwTdV976d5N8c9Hn0=
github.com/brotherlogic/gramophile v0.300.0 h1:9LEiDf5eFQEeuzB7Y77AS+frSHmAZSa7ZfaZuClNOLw=
github.com/brotherlogic/gramophile v0.300.0/go.mod h1:Rye3T5ZIEbq0w6rV+VAenbwawMpW7ZrRc5mG29O6szY=
github.com/brotherlogic/gramophile v0.319.0 h1:T6ie0NsabQoqzkqQtr+wY2GA0ZUsaeXuvmhzFVtdwRQ=
github.com/brotherlogic/gramophile v0.319.0/go.mod h1:u54Ivb2/rvBYpJyfHVIfsXyTkBbG463DSjbrVO74GWI=
github.com/brotherlogic/gramophile v0.358.0 h1:JkR2H9YP6nHODcOMjf3tXqOLxcjFSQ573hqUcuRzr+U=
github.com/brotherlogic/gramophile v0.358.0/go.mod h1:nRzuMUgDblZTAy9U2tyndowEeCcbOPooBktsglZqWYQ=
github.com/brotherlogic/gramophile v0.376.0 h1:KiXKLM6wnPcQpcHIoL7wV8pd5CaIaGYcmvihon6+e+A=
github.com/brotherlogic/gramophile v0.376.0/go.mod h1:dzMtFiDnucgWrBL8VpwCv0lAe2qh02NYt5ReJJElln0=
github.com/brotherlogic/gramophile v0.377.0 h1:wrOfO7BrNylzMWg1vgELQ3s2NI8jjSRsBW51+JI1Pto=
github.com/brotherlogic/gramophile v0.377.0/go.mod h1:dzMtFiDnucgWrBL8VpwCv0lAe2qh02NYt5ReJJElln0=
github.com/brotherlogic/gramophile v0.383.0 h1:SbZtOcgBC6QB4atlV0Qkd217M1Sm0Jh0r3kpSOWt60E=
github.com/brotherlogic/gramophile v0.383.0/go.mod h1:CZD+3htua/yA49B3FSPrEasFOGwcvNZ5FqdCv6caN00=
github.com/brotherlogic/gramophile v0.389.0 h1:Pingh8rRYT2eRAk51juJgTRZEo04Y0FZ/QV5gWmwF4A=
github.com/brotherlogic/gramophile v0.389.0/go.mod h1:tytoKnvDTxatIjYK5dhjmIR7ocOMLfbAXId2xGwxTUY=
github.com/golang/protobuf v1.5.0/go.mod h1:FsONVRAS9T7sI+LIUmWTfcYkHO4aIWwzhcaSAoJOfIk=
github.com/golang/protobuf v1.5.3 h1:KhyjKVUg7Usr/dYsdSqoFveMYd5ko72D+zANwlG1mmg=
github.com/golang/protobuf v1.5.3/go.mod h1:XVQd3VNwM+JqD3oG2Ue2ip4fOMUkwXdXDdiuN0vRsmY=
github.com/google/go-cmp v0.5.5/go.mod h1:v8dTdLbMG2kIc/vJvl+f65V22dbkXbowE6jgT/gNBxE=
github.com/google/go-cmp v0.5.9 h1:O2Tfq5qg4qc4AmwVlvv0oLiVAGB7enBSJ2x2DqQFi38=
golang.org/x/net v0.9.0 h1:aWJ/m6xSmxWBx+V0XRHTlrYrPG56jKsLdTFmsSsCzOM=
golang.org/x/net v0.9.0/go.mod h1:d48xBJpPfHeWQsugry2m+kC02ZBRGRgulfHnEXEuWns=
golang.org/x/net v0.10.0 h1:X2//UzNDwYmtCLn7To6G58Wr6f5ahEAQgKNzv9Y951M=
golang.org/x/net v0.10.0/go.mod h1:0qNGK6F8kojg2nk9dLZ2mShWaEBan6FAoqfSigmmuDg=
golang.org/x/net v0.14.0 h1:BONx9s002vGdD9umnlX1Po8vOZmrgH34qlHcD1MfK14=
golang.org/x/net v0.14.0/go.mod h1:PpSgVXXLK0OxS0F31C1/tv6XNguvCrnXIDrFMspZIUI=
golang.org/x/net v0.15.0 h1:ugBLEUaxABaB5AJqW9enI0ACdci2RUd4eP51NTBvuJ8=
golang.org/x/net v0.15.0/go.mod h1:idbUs1IY1+zTqbi8yxTbhexhEEk5ur9LInksu6HrEpk=
golang.org/x/sys v0.7.0 h1:3jlCCIQZPdOYu1h8BkNvLz8Kgwtae2cagcG/VamtZRU=
golang.org/x/sys v0.7.0/go.mod h1:oPkhp1MJrh7nUepCBck5+mAzfO9JrbApNNgaTdGDITg=
golang.org/x/sys v0.8.0 h1:EBmGv8NaZBZTWvrbjNoL6HVt+IVy3QDQpJs7VRIw3tU=
golang.org/x/sys v0.8.0/go.mod h1:oPkhp1MJrh7nUepCBck5+mAzfO9JrbApNNgaTdGDITg=
golang.org/x/sys v0.11.0 h1:eG7RXZHdqOJ1i+0lgLgCpSXAp6M3LYlAo6osgSi0xOM=
golang.org/x/sys v0.11.0/go.mod h1:oPkhp1MJrh7nUepCBck5+mAzfO9JrbApNNgaTdGDITg=
golang.org/x/sys v0.12.0 h1:CM0HF96J0hcLAwsHPJZjfdNzs0gftsLfgKt57wWHJ0o=
golang.org/x/sys v0.12.0/go.mod h1:oPkhp1MJrh7nUepCBck5+mAzfO9JrbApNNgaTdGDITg=
golang.org/x/text v0.9.0 h1:2sjJmO8cDvYveuX97RDLsxlyUxLl+GHoLxBiRdHllBE=
golang.org/x/text v0.9.0/go.mod h1:e1OnstbJyHTd6l/uOt8jFFHp6TRDWZR/bV3emEE/zU8=
golang.org/x/text v0.12.0 h1:k+n5B8goJNdU7hSvEtMUz3d1Q6D/XW4COJSJR6fN0mc=
golang.org/x/text v0.12.0/go.mod h1:TvPlkZtksWOMsz7fbANvkp4WM8x/WCo/om8BMLbz+aE=
golang.org/x/text v0.13.0 h1:ablQoSUd0tRdKxZewP80B+BaqeKJuVhuRxj/dkrun3k=
golang.org/x/text v0.13.0/go.mod h1:TvPlkZtksWOMsz7fbANvkp4WM8x/WCo/om8BMLbz+aE=
golang.org/x/xerrors v0.0.0-20191204190536-9bdfabe68543/go.mod h1:I/5z698sn9Ka8TeJc9MKroUUfqBBauWjQqLJ2OPfmY0=
google.golang.org/genproto v0.0.0-20230410155749-daa745c078e1 h1:KpwkzHKEF7B9Zxg18WzOa7djJ+Ha5DzthMyZYQfEn2A=
google.golang.org/genproto v0.0.0-20230410155749-daa745c078e1/go.mod h1:nKE/iIaLqn2bQwXBg8f1g2Ylh6r5MN5CmZvuzZCgsCU=
google.golang.org/genproto v0.0.0-20230525234025-438c736192d0 h1:x1vNwUhVOcsYoKyEGCZBH694SBmmBjA2EfauFVEI2+M=
google.golang.org/genproto v0.0.0-20230525234025-438c736192d0/go.mod h1:9ExIQyXL5hZrHzQceCwuSYwZZ5QZBazOcprJ5rgs3lY=
google.golang.org/genproto v0.0.0-20230803162519-f966b187b2e5 h1:L6iMMGrtzgHsWofoFcihmDEMYeDR9KN/ThbPWGrh++g=
google.golang.org/genproto v0.0.0-20230803162519-f966b187b2e5/go.mod h1:oH/ZOT02u4kWEp7oYBGYFFkCdKS/uYR9Z7+0/xuuFp8=
google.golang.org/genproto v0.0.0-20230913181813-007df8e322eb h1:XFBgcDwm7irdHTbz4Zk2h7Mh+eis4nfJEFQFYzJzuIA=
google.golang.org/genproto v0.0.0-20230913181813-007df8e322eb/go.mod h1:yZTlhN0tQnXo3h00fuXNCxJdLdIdnVFVBaRJ5LWBbw4=
google.golang.org/genproto v0.0.0-20230920204549-e6e6cdab5c13 h1:vlzZttNJGVqTsRFU9AmdnrcO1Znh8Ew9kCD//yjigk0=
google.golang.org/genproto v0.0.0-20230920204549-e6e6cdab5c13/go.mod h1:CCviP9RmpZ1mxVr8MUjCnSiY09IbAXZxhLE6EhHIdPU=
google.golang.org/genproto/googleapis/rpc v0.0.0-20230530153820-e85fd2cbaebc h1:XSJ8Vk1SWuNr8S18z1NZSziL0CPIXLCCMDOEFtHBOFc=
google.golang.org/genproto/googleapis/rpc v0.0.0-20230530153820-e85fd2cbaebc/go.mod h1:66JfowdXAEgad5O9NnYcsNPLCPZJD++2L9X0PCMODrA=
google.golang.org/genproto/googleapis/rpc v0.0.0-20230807174057-1744710a1577 h1:wukfNtZmZUurLN/atp2hiIeTKn7QJWIQdHzqmsOnAOk=
google.golang.org/genproto/googleapis/rpc v0.0.0-20230807174057-1744710a1577/go.mod h1:+Bk1OCOj40wS2hwAMA+aCW9ypzm63QTBBHp6lQ3p+9M=
google.golang.org/genproto/googleapis/rpc v0.0.0-20230822172742-b8732ec3820d h1:uvYuEyMHKNt+lT4K3bN6fGswmK8qSvcreM3BwjDh+y4=
google.golang.org/genproto/googleapis/rpc v0.0.0-20230822172742-b8732ec3820d/go.mod h1:+Bk1OCOj40wS2hwAMA+aCW9ypzm63QTBBHp6lQ3p+9M=
google.golang.org/genproto/googleapis/rpc v0.0.0-20230913181813-007df8e322eb h1:Isk1sSH7bovx8Rti2wZK0UZF6oraBDK74uoyLEEVFN0=
google.golang.org/genproto/googleapis/rpc v0.0.0-20230913181813-007df8e322eb/go.mod h1:+Bk1OCOj40wS2hwAMA+aCW9ypzm63QTBBHp6lQ3p+9M=
google.golang.org/genproto/googleapis/rpc v0.0.0-20230920204549-e6e6cdab5c13 h1:N3bU/SQDCDyD6R528GJ/PwW9KjYcJA3dgyH+MovAkIM=
google.golang.org/genproto/googleapis/rpc v0.0.0-20230920204549-e6e6cdab5c13/go.mod h1:KSqppvjFjtoCI+KGd4PELB0qLNxdJHRGqRI09mB6pQA=
google.golang.org/genproto/googleapis/rpc v0.0.0-20231002182017-d307bd883b97 h1:6GQBEOdGkX6MMTLT9V+TjtIRZCw9VPD5Z+yHY9wMgS0=
google.golang.org/genproto/googleapis/rpc v0.0.0-20231002182017-d307bd883b97/go.mod h1:v7nGkzlmW8P3n/bKmWBn2WpBjpOEx8Q6gMueudAmKfY=
google.golang.org/grpc v1.54.0 h1:EhTqbhiYeixwWQtAEZAxmV9MGqcjEU2mFx52xCzNyag=
google.golang.org/grpc v1.54.0/go.mod h1:PUSEXI6iWghWaB6lXM4knEgpJNu2qUcKfDtNci3EC2g=
google.golang.org/grpc v1.55.0 h1:3Oj82/tFSCeUrRTg/5E/7d/W5A1tj6Ky1ABAuZuv5ag=
google.golang.org/grpc v1.55.0/go.mod h1:iYEXKGkEBhg1PjZQvoYEVPTDkHo1/bjTnfwTeGONTY8=
google.golang.org/grpc v1.57.0 h1:kfzNeI/klCGD2YPMUlaGNT3pxvYfga7smW3Vth8Zsiw=
google.golang.org/grpc v1.57.0/go.mod h1:Sd+9RMTACXwmub0zcNY2c4arhtrbBYD1AUHI/dt16Mo=
google.golang.org/grpc v1.58.0 h1:32JY8YpPMSR45K+c3o6b8VL73V+rR8k+DeMIr4vRH8o=
google.golang.org/grpc v1.58.0/go.mod h1:tgX3ZQDlNJGU96V6yHh1T/JeoBQ2TXdr43YbYSsCJk0=
google.golang.org/grpc v1.58.2 h1:SXUpjxeVF3FKrTYQI4f4KvbGD5u2xccdYdurwowix5I=
google.golang.org/grpc v1.58.2/go.mod h1:tgX3ZQDlNJGU96V6yHh1T/JeoBQ2TXdr43YbYSsCJk0=
google.golang.org/protobuf v1.26.0-rc.1/go.mod h1:jlhhOSvTdKEhbULTjvd4ARK9grFBp09yW+WbY/TyQbw=
google.golang.org/protobuf v1.26.0/go.mod h1:9q0QmTI4eRPtz6boOQmLYwt+qCgq0jsYwAQnmE0givc=
google.golang.org/protobuf v1.30.0 h1:kPPoIgf3TsEvrm0PFe15JQ+570QVxYzEvvHqChK+cng=
google.golang.org/protobuf v1.30.0/go.mod h1:HV8QOd/L58Z+nl8r43ehVNZIU/HEI6OcFqwMG9pJV4I=
google.golang.org/protobuf v1.31.0 h1:g0LDEJHgrBl9N9r17Ru3sqWhkIx2NB67okBHPwC7hs8=
google.golang.org/protobuf v1.31.0/go.mod h1:HV8QOd/L58Z+nl8r43ehVNZIU/HEI6OcFqwMG9pJV4I=
