github.com/beorn7/perks v1.0.1 h1:VlbKKnNfV8bJzeqoa4cOKqO6bYr3WgKZxO8Z16+hsOM=
github.com/beorn7/perks v1.0.1/go.mod h1:G2ZrVWU2WbWT9wwq4/hrbKbnv/1ERSJQ0ibhJ6rlkpw=
github.com/brotherlogic/discogs v0.0.0-20240724224715-f671cbf60b33 h1:2sYFnfCrKiv2RlYfea90Kqk8sX+TiRCdKTF402NLQLM=
github.com/brotherlogic/discogs v0.0.0-20240724224715-f671cbf60b33/go.mod h1:ZQrj/DKTPBbaQL+RO5MkwKmPrTffm6qwsSnVcdckSw8=
github.com/brotherlogic/githubridge v0.2802.0 h1:9Dz8jzHYNNGheax3eZxLP7itjMnWjReukNafNa/U76E=
github.com/brotherlogic/githubridge v0.2802.0/go.mod h1:XTxap90/th23AU2BWYFxnSyiQFwDYyBI0PWxDZTCQpo=
github.com/brotherlogic/gramophile v0.818.0 h1:QzV19sHmj/RbbajAlphumhk/IQGI/x9zNVZqMHcEh3U=
github.com/brotherlogic/gramophile v0.818.0/go.mod h1:IfN0chkIdkUaVnMkO9KwOjxIoTe8Es0KvuV7n7iOwL4=
github.com/brotherlogic/gramophile v0.819.0 h1:j4pZtKR82quFqrVVbzFi8kr6cBj8wGYYb5rvzh/QBNM=
github.com/brotherlogic/gramophile v0.819.0/go.mod h1:IfN0chkIdkUaVnMkO9KwOjxIoTe8Es0KvuV7n7iOwL4=
github.com/brotherlogic/gramophile v0.821.0 h1:XGMAoo+zG254a/TY1+CGcwaSEvjjBFvaQhaKXqASFUk=
github.com/brotherlogic/gramophile v0.821.0/go.mod h1:IfN0chkIdkUaVnMkO9KwOjxIoTe8Es0KvuV7n7iOwL4=
github.com/brotherlogic/gramophile v0.823.0 h1:d/D/ZX2LjUn6HJ9f+/Cq6KrhEaJomi+nBcWr/HyyYGQ=
github.com/brotherlogic/gramophile v0.823.0/go.mod h1:IfN0chkIdkUaVnMkO9KwOjxIoTe8Es0KvuV7n7iOwL4=
github.com/brotherlogic/gramophile v0.827.0 h1:aqCe+J8qMRSwk+A2ISkEdPKBYO8bsHfOhW8wTFIuG1c=
github.com/brotherlogic/gramophile v0.827.0/go.mod h1:IfN0chkIdkUaVnMkO9KwOjxIoTe8Es0KvuV7n7iOwL4=
github.com/brotherlogic/gramophile v0.832.0 h1:Ou1O/Z2fS8tzMMN6sZB/wntG/N5aiDG0tycy+on0HkE=
github.com/brotherlogic/gramophile v0.832.0/go.mod h1:IfN0chkIdkUaVnMkO9KwOjxIoTe8Es0KvuV7n7iOwL4=
github.com/brotherlogic/gramophile v0.835.0 h1:DpTHoMDs9WqJIonMZwQaxnZULwReeckHEOQYAhMvv24=
github.com/brotherlogic/gramophile v0.835.0/go.mod h1:IfN0chkIdkUaVnMkO9KwOjxIoTe8Es0KvuV7n7iOwL4=
github.com/brotherlogic/gramophile v0.836.0 h1:TPnnrjoaA5wLlgSq2mKoEhgqLTReNDofY7KSnmd7M2Q=
github.com/brotherlogic/gramophile v0.836.0/go.mod h1:IfN0chkIdkUaVnMkO9KwOjxIoTe8Es0KvuV7n7iOwL4=
github.com/brotherlogic/gramophile v0.839.0 h1:J+pWx4R1I8pdXUhD9qByM6HzI14s+QAe3u6SeIx+bG4=
github.com/brotherlogic/gramophile v0.839.0/go.mod h1:IfN0chkIdkUaVnMkO9KwOjxIoTe8Es0KvuV7n7iOwL4=
github.com/brotherlogic/gramophile v0.840.0 h1:87vSSzUSehud5z/SxQ+Z3srqKUo2YIsPTjKZayTr6L0=
github.com/brotherlogic/gramophile v0.840.0/go.mod h1:IfN0chkIdkUaVnMkO9KwOjxIoTe8Es0KvuV7n7iOwL4=
github.com/brotherlogic/gramophile v0.841.0 h1:r1D6E08QFYb3cYEOeYuFAEafMJTIHpYef64knx3JAbM=
github.com/brotherlogic/gramophile v0.841.0/go.mod h1:IfN0chkIdkUaVnMkO9KwOjxIoTe8Es0KvuV7n7iOwL4=
github.com/brotherlogic/gramophile v0.844.0 h1:2QSU9Y7ogFU5darddI3g2uskvP+bQ5//GH0+J78M2GI=
github.com/brotherlogic/gramophile v0.844.0/go.mod h1:IfN0chkIdkUaVnMkO9KwOjxIoTe8Es0KvuV7n7iOwL4=
github.com/brotherlogic/gramophile v0.846.0 h1:MxC8QpGh9zTTYy6R9PAxmKl7Dg/KIOf1DMSkZ6Sd6Eo=
github.com/brotherlogic/gramophile v0.846.0/go.mod h1:IfN0chkIdkUaVnMkO9KwOjxIoTe8Es0KvuV7n7iOwL4=
github.com/brotherlogic/gramophile v0.848.0 h1:ZB6oCRWffzR5hLAPD9cVL4bisRVMvVg6BP5ZD7t8K2c=
github.com/brotherlogic/gramophile v0.848.0/go.mod h1:IfN0chkIdkUaVnMkO9KwOjxIoTe8Es0KvuV7n7iOwL4=
github.com/brotherlogic/gramophile v0.850.0 h1:FtMAk19iYOTY3k4hUORn/9BTA3UCLet0Xcq1exfQVZY=
github.com/brotherlogic/gramophile v0.850.0/go.mod h1:IfN0chkIdkUaVnMkO9KwOjxIoTe8Es0KvuV7n7iOwL4=
github.com/brotherlogic/gramophile v0.852.0 h1:3s9LDiGQ3jJgcVBYVdgHMeW9wRP30Pd7lABGkZft7Is=
github.com/brotherlogic/gramophile v0.852.0/go.mod h1:IfN0chkIdkUaVnMkO9KwOjxIoTe8Es0KvuV7n7iOwL4=
github.com/brotherlogic/gramophile v0.854.0 h1:zzEFnr3Hm8QZUJ2o+TVcNTp3lYrHc6qsulkF3BmqdIY=
github.com/brotherlogic/gramophile v0.854.0/go.mod h1:TyBzWfNTELM9YmeYOAJ4FinsPwbgmCMjaKpns8mNA9g=
github.com/brotherlogic/gramophile v0.857.0 h1:oecwYPZW+z5FSO92StT4XGy6IMGiHSSmguNsVIa8SlI=
github.com/brotherlogic/gramophile v0.857.0/go.mod h1:TyBzWfNTELM9YmeYOAJ4FinsPwbgmCMjaKpns8mNA9g=
github.com/brotherlogic/gramophile v0.860.0 h1:Ra49rjjQ9JUhb+AYeo8kGJCZtXI6VEw2ANa7nqLzh7g=
github.com/brotherlogic/gramophile v0.860.0/go.mod h1:TyBzWfNTELM9YmeYOAJ4FinsPwbgmCMjaKpns8mNA9g=
github.com/brotherlogic/gramophile v0.864.0 h1:SmajpBc+eG+yKNaRV5LG4XQwXQXUASyyUyqKj2yIqn0=
github.com/brotherlogic/gramophile v0.864.0/go.mod h1:TyBzWfNTELM9YmeYOAJ4FinsPwbgmCMjaKpns8mNA9g=
github.com/brotherlogic/gramophile v0.866.0 h1:uOpQ0o6xM58midr6Ua0KKKlv9wnaC6t0tGniZJT5Uy8=
github.com/brotherlogic/gramophile v0.866.0/go.mod h1:TyBzWfNTELM9YmeYOAJ4FinsPwbgmCMjaKpns8mNA9g=
github.com/brotherlogic/gramophile v0.867.0 h1:NFzV/LJW46NRV1XJh424cIhqaa43k4EBkUj8L/JKzEQ=
github.com/brotherlogic/gramophile v0.867.0/go.mod h1:O/7jOZCVwBVzlvAWwpCita0GmV/cgPKCehrpQLYBKcA=
github.com/brotherlogic/gramophile v0.870.0 h1:1xQ/AUPM4vvJvQdbfvThCde+3Sk/xe600wdAC6UWn3A=
github.com/brotherlogic/gramophile v0.870.0/go.mod h1:O/7jOZCVwBVzlvAWwpCita0GmV/cgPKCehrpQLYBKcA=
github.com/brotherlogic/gramophile v0.874.0 h1:qTMuBxiExbwT6v2vCiKT/58REEfodywLyXhq5ZdLh3k=
github.com/brotherlogic/gramophile v0.874.0/go.mod h1:O/7jOZCVwBVzlvAWwpCita0GmV/cgPKCehrpQLYBKcA=
github.com/brotherlogic/gramophile v0.876.0 h1:+t5krii9Swe1BB15fhgSOtJ1If+sY1bKuVtuDVp0tBE=
github.com/brotherlogic/gramophile v0.876.0/go.mod h1:O/7jOZCVwBVzlvAWwpCita0GmV/cgPKCehrpQLYBKcA=
github.com/brotherlogic/gramophile v0.878.0 h1:/cpPkxrP1QrnKHvfs1Rj2d7kgT0Rtz23JvRT3kehCSM=
github.com/brotherlogic/gramophile v0.878.0/go.mod h1:O/7jOZCVwBVzlvAWwpCita0GmV/cgPKCehrpQLYBKcA=
github.com/brotherlogic/gramophile v0.880.0 h1:QBKPFwW2sm8cdIP8fiM1BCiTKZHaDLVuCSJSERlD0Io=
github.com/brotherlogic/gramophile v0.880.0/go.mod h1:Aoch1UFwchypOXpfhiIa0omoU6MlS5vr1iul6KXsTK8=
github.com/brotherlogic/gramophile v0.881.0 h1:LN0vmhPmRRb9BydVHlGSdVekVZJL+NgdeQ9a7xqJthU=
github.com/brotherlogic/gramophile v0.881.0/go.mod h1:Aoch1UFwchypOXpfhiIa0omoU6MlS5vr1iul6KXsTK8=
github.com/brotherlogic/rstore v0.55.0 h1:c7mxE2IBBGiiOk0KtdpIXXEhhgkD/xOejnYFgUhLrx8=
github.com/brotherlogic/rstore v0.55.0/go.mod h1:WgpJkDgr6tysiQVu5XSSAegTKTIJ9+NLYK129ZetNs8=
github.com/brotherlogic/rstore v0.56.0 h1:4YHqJbY2ahirX9ziT7qREYMgWlJoELKLmKBqcNL6vIg=
github.com/brotherlogic/rstore v0.56.0/go.mod h1:WgpJkDgr6tysiQVu5XSSAegTKTIJ9+NLYK129ZetNs8=
github.com/brotherlogic/scraper v0.79.0 h1:qJnxsD0ZfJ0JgbWcMCrlvM6gSmpxcj7LL1molbbnIig=
github.com/brotherlogic/scraper v0.79.0/go.mod h1:Rjt2YnovVuwftew+ffVKP7NWI/68QGC34BBeuL0UKOc=
github.com/cespare/xxhash/v2 v2.3.0 h1:UL815xU9SqsFlibzuggzjXhog7bL6oX9BbNZnL2UFvs=
github.com/cespare/xxhash/v2 v2.3.0/go.mod h1:VGX0DQ3Q6kWi7AoAeZDth3/j3BFtOZR5XLFGgcrjCOs=
github.com/davecgh/go-spew v1.1.1 h1:vj9j/u1bqnvCEfJOwUhtlOARqs3+rkHYY13jYWTU97c=
github.com/davecgh/go-spew v1.1.1/go.mod h1:J7Y8YcW2NihsgmVo/mv3lAwl/skON4iLHjSsI+c5H38=
github.com/dghubble/oauth1 v0.7.3 h1:EkEM/zMDMp3zOsX2DC/ZQ2vnEX3ELK0/l9kb+vs4ptE=
github.com/dghubble/oauth1 v0.7.3/go.mod h1:oxTe+az9NSMIucDPDCCtzJGsPhciJV33xocHfcR2sVY=
github.com/google/go-cmp v0.6.0 h1:ofyhxvXcZhMsU5ulbFiLKl/XBFqE1GSq7atu8tAmTRI=
github.com/google/go-cmp v0.6.0/go.mod h1:17dUlkBOakJ0+DkrSSNjCkIjxS6bF9zb3elmeNGIjoY=
github.com/munnerz/goautoneg v0.0.0-20191010083416-a7dc8b61c822 h1:C3w9PqII01/Oq1c1nUAm88MOHcQC9l5mIlSMApZMrHA=
github.com/munnerz/goautoneg v0.0.0-20191010083416-a7dc8b61c822/go.mod h1:+n7T8mK8HuQTcFwEeznm/DIxMOiR9yIdICNftLE1DvQ=
github.com/pmezard/go-difflib v1.0.0 h1:4DBwDE0NGyQoBHbLQYPwSUPoCMWR5BEzIk/f1lZbAQM=
github.com/pmezard/go-difflib v1.0.0/go.mod h1:iKH77koFhYxTK1pcRnkKkqfTogsbg7gZNVY4sRDYZ/4=
github.com/prometheus/client_golang v1.19.1 h1:wZWJDwK+NameRJuPGDhlnFgx8e8HN3XHQeLaYJFJBOE=
github.com/prometheus/client_golang v1.19.1/go.mod h1:mP78NwGzrVks5S2H6ab8+ZZGJLZUq1hoULYBAYBw1Ho=
github.com/prometheus/client_model v0.6.1 h1:ZKSh/rekM+n3CeS952MLRAdFwIKqeY8b62p8ais2e9E=
github.com/prometheus/client_model v0.6.1/go.mod h1:OrxVMOVHjw3lKMa8+x6HeMGkHMQyHDk9E3jmP2AmGiY=
github.com/prometheus/common v0.55.0 h1:KEi6DK7lXW/m7Ig5i47x0vRzuBsHuvJdi5ee6Y3G1dc=
github.com/prometheus/common v0.55.0/go.mod h1:2SECS4xJG1kd8XF9IcM1gMX6510RAEL65zxzNImwdc8=
github.com/prometheus/procfs v0.15.1 h1:YagwOFzUgYfKKHX6Dr+sHT7km/hxC76UB0learggepc=
github.com/prometheus/procfs v0.15.1/go.mod h1:fB45yRUv8NstnjriLhBQLuOUt+WW4BsoGhij/e3PBqk=
github.com/stretchr/testify v1.9.0 h1:HtqpIVDClZ4nwg75+f6Lvsy/wHu+3BoSGCbBAcpTsTg=
github.com/stretchr/testify v1.9.0/go.mod h1:r2ic/lqez/lEtzL7wO/rwa5dbSLXVDPFyf8C91i36aY=
golang.org/x/exp v0.0.0-20240719175910-8a7402abbf56 h1:2dVuKD2vS7b0QIHQbpyTISPd0LeHDbnYEryqj5Q1ug8=
golang.org/x/exp v0.0.0-20240719175910-8a7402abbf56/go.mod h1:M4RDyNAINzryxdtnbRXRL/OHtkFuWGRjvuhBJpk2IlY=
golang.org/x/net v0.27.0 h1:5K3Njcw06/l2y9vpGCSdcxWOYHOUk3dVNGDXN+FvAys=
golang.org/x/net v0.27.0/go.mod h1:dDi0PyhWNoiUOrAS8uXv/vnScO4wnHQO4mj9fn/RytE=
golang.org/x/sys v0.22.0 h1:RI27ohtqKCnwULzJLqkv897zojh5/DwS/ENaMzUOaWI=
golang.org/x/sys v0.22.0/go.mod h1:/VUhepiaJMQUp4+oa/7Zr1D23ma6VTLIYjOOTFZPUcA=
golang.org/x/sys v0.23.0 h1:YfKFowiIMvtgl1UERQoTPPToxltDeZfbj4H7dVUCwmM=
golang.org/x/sys v0.23.0/go.mod h1:/VUhepiaJMQUp4+oa/7Zr1D23ma6VTLIYjOOTFZPUcA=
golang.org/x/text v0.16.0 h1:a94ExnEXNtEwYLGJSIUxnWoxoRz/ZcCsV63ROupILh4=
golang.org/x/text v0.16.0/go.mod h1:GhwF1Be+LQoKShO3cGOHzqOgRrGaYc9AvblQOmPVHnI=
google.golang.org/genproto/googleapis/rpc v0.0.0-20240723171418-e6d459c13d2a h1:hqK4+jJZXCU4pW7jsAdGOVFIfLHQeV7LaizZKnZ84HI=
google.golang.org/genproto/googleapis/rpc v0.0.0-20240723171418-e6d459c13d2a/go.mod h1:Ue6ibwXGpU+dqIcODieyLOcgj7z8+IcskoNIgZxtrFY=
google.golang.org/genproto/googleapis/rpc v0.0.0-20240725223205-93522f1f2a9f h1:RARaIm8pxYuxyNPbBQf5igT7XdOyCNtat1qAT2ZxjU4=
google.golang.org/genproto/googleapis/rpc v0.0.0-20240725223205-93522f1f2a9f/go.mod h1:Ue6ibwXGpU+dqIcODieyLOcgj7z8+IcskoNIgZxtrFY=
google.golang.org/genproto/googleapis/rpc v0.0.0-20240730163845-b1a4ccb954bf h1:liao9UHurZLtiEwBgT9LMOnKYsHze6eA6w1KQCMVN2Q=
google.golang.org/genproto/googleapis/rpc v0.0.0-20240730163845-b1a4ccb954bf/go.mod h1:Ue6ibwXGpU+dqIcODieyLOcgj7z8+IcskoNIgZxtrFY=
google.golang.org/grpc v1.65.0 h1:bs/cUb4lp1G5iImFFd3u5ixQzweKizoZJAwBNLR42lc=
google.golang.org/grpc v1.65.0/go.mod h1:WgYC2ypjlB0EiQi6wdKixMqukr6lBc0Vo+oOgjrM5ZQ=
google.golang.org/protobuf v1.34.2 h1:6xV6lTsCfpGD21XK49h7MhtcApnLqkfYgPcdHftf6hg=
google.golang.org/protobuf v1.34.2/go.mod h1:qYOHts0dSfpeUzUFpOMr/WGzszTmLH+DiWniOlNbLDw=
gopkg.in/yaml.v3 v3.0.1 h1:fxVm/GzAzEWqLHuvctI91KS9hhNmmWOoWu0XTYJS7CA=
gopkg.in/yaml.v3 v3.0.1/go.mod h1:K4uyk7z7BCEPqu6E+C64Yfv1cQ7kz7rIZviUmN+EgEM=
