github.com/beorn7/perks v1.0.1 h1:VlbKKnNfV8bJzeqoa4cOKqO6bYr3WgKZxO8Z16+hsOM=
github.com/beorn7/perks v1.0.1/go.mod h1:G2ZrVWU2WbWT9wwq4/hrbKbnv/1ERSJQ0ibhJ6rlkpw=
github.com/brotherlogic/discogs v0.0.0-20231015155159-0c8f95c9f412 h1:0GEw5yrupoXxHyEogpVoLniLX0+6Dj6mrTgMDI6fqHs=
github.com/brotherlogic/discogs v0.0.0-20231015155159-0c8f95c9f412/go.mod h1:3xgdt6EWVktIbsF+QVkj8L/9Qs4e2ATLmGjgSNu1BDA=
github.com/brotherlogic/discogs v0.0.0-20231021001903-639a20165838 h1:KWsoaBNChy0Z91OJ31a4Ejh6U9ADb9xHYTjtgQ7kBS8=
github.com/brotherlogic/discogs v0.0.0-20231021001903-639a20165838/go.mod h1:3xgdt6EWVktIbsF+QVkj8L/9Qs4e2ATLmGjgSNu1BDA=
github.com/brotherlogic/discogs v0.0.0-20231025030316-9a7ea7ec6b00 h1:KjEiACkb6GFY6jBjJPaqOoaJ165fvKkfdmS6h/Eu5cI=
github.com/brotherlogic/discogs v0.0.0-20231025030316-9a7ea7ec6b00/go.mod h1:3xgdt6EWVktIbsF+QVkj8L/9Qs4e2ATLmGjgSNu1BDA=
github.com/brotherlogic/discogs v0.0.0-20231025212137-adf9450220eb h1:7gxiI4+Ccp2EoLt+Ifjxgjh+PT3+8Ur5BXTPXn+sFi8=
github.com/brotherlogic/discogs v0.0.0-20231025212137-adf9450220eb/go.mod h1:Q3rt8IYrjhqcSHS1wCpM7Yku3nEJInCgkltXtSBOfvk=
github.com/brotherlogic/discogs v0.0.0-20231028040311-5497953a2045 h1:iD+zHrmA0sboVPQNKUHLdOGVYOH1O7ImFrOu/X1HQW0=
github.com/brotherlogic/discogs v0.0.0-20231028040311-5497953a2045/go.mod h1:Q3rt8IYrjhqcSHS1wCpM7Yku3nEJInCgkltXtSBOfvk=
github.com/brotherlogic/discogs v0.0.0-20231028042403-04e541ee70e3 h1:6Vk3xRaNWic0AejulfKG/NCvVFemSnVlro9Di/BOCFM=
github.com/brotherlogic/discogs v0.0.0-20231028042403-04e541ee70e3/go.mod h1:Q3rt8IYrjhqcSHS1wCpM7Yku3nEJInCgkltXtSBOfvk=
github.com/brotherlogic/discogs v0.0.0-20231030221315-387ae6b76b4b h1:oYeAHNm8+esWgRU03LZdTSn5w+QvXvWE+XyuEltAZgY=
github.com/brotherlogic/discogs v0.0.0-20231030221315-387ae6b76b4b/go.mod h1:Q3rt8IYrjhqcSHS1wCpM7Yku3nEJInCgkltXtSBOfvk=
github.com/brotherlogic/discogs v0.0.0-20231101000455-00447ee0f04c h1:mxY6YWZCOFa+3KrdvAHRRLFN74KP2FrqpNkGiQMGGy0=
github.com/brotherlogic/discogs v0.0.0-20231101000455-00447ee0f04c/go.mod h1:Q3rt8IYrjhqcSHS1wCpM7Yku3nEJInCgkltXtSBOfvk=
github.com/brotherlogic/gramophile v0.411.0 h1:uq/JeStGcBEo/x0whYuI95GTJtc0FhIUMmqX1vOK1wE=
github.com/brotherlogic/gramophile v0.411.0/go.mod h1:8uGA5r98dgZfKJt2ffCkuBhJjKHAwnj0dSSIWb1eHpU=
github.com/brotherlogic/gramophile v0.416.0 h1:/tZZiIn0ejNx/FM2i3YCHMOnYxTCGOF1Hw9B9wAYvjE=
github.com/brotherlogic/gramophile v0.416.0/go.mod h1:Nfxcx3xGqm54b+xfY2DPXKlPuY38COC+R4PCD40unU8=
github.com/brotherlogic/gramophile v0.417.0 h1:KdRg+iSHDsbtlY4zX6GNd1opDuyK/ExXarx484OLVe0=
github.com/brotherlogic/gramophile v0.417.0/go.mod h1:Nfxcx3xGqm54b+xfY2DPXKlPuY38COC+R4PCD40unU8=
github.com/brotherlogic/gramophile v0.425.0 h1:SIntCr/QiR5EJb52TuuyPZ1/+j3MaajDMt8t2cG4DGs=
github.com/brotherlogic/gramophile v0.425.0/go.mod h1:P8SLh7wIEMxR40Ay9ChmQ/LdjHXc/9mgmtyyMpq0N/U=
github.com/brotherlogic/gramophile v0.427.0 h1:+9rPY2IN/lmLKiP939//BkdRqAs9ZMba99UvKzxjOWA=
github.com/brotherlogic/gramophile v0.427.0/go.mod h1:P8SLh7wIEMxR40Ay9ChmQ/LdjHXc/9mgmtyyMpq0N/U=
github.com/brotherlogic/gramophile v0.430.0 h1:S0nAFdVyeS+RN/clmyehyH1tyBIlADznhraw0SMi+kw=
github.com/brotherlogic/gramophile v0.430.0/go.mod h1:75icqyE7dXJTzc06Amsj8vQyIsWIdp8TcMh/l1SR1YM=
github.com/brotherlogic/gramophile v0.432.0 h1:8c5xv2x4aqqf7suP+HX0V2/rYiBjHj9iHq2Br9wJMWg=
github.com/brotherlogic/gramophile v0.432.0/go.mod h1:GnxjesiGYCOK0/im6JDQBY7AltyaE84stCTC0fM8LmM=
github.com/brotherlogic/gramophile v0.433.0 h1:EiMceNGXGfeDZFyzVZEWRLQWyXG7yCIaph9aT5nVlGk=
github.com/brotherlogic/gramophile v0.433.0/go.mod h1:GnxjesiGYCOK0/im6JDQBY7AltyaE84stCTC0fM8LmM=
github.com/brotherlogic/gramophile v0.434.0 h1:QXQUMqfmNmUtk9BuSLSpdLI28fSh997mNmGuugtSFTg=
github.com/brotherlogic/gramophile v0.434.0/go.mod h1:GnxjesiGYCOK0/im6JDQBY7AltyaE84stCTC0fM8LmM=
github.com/brotherlogic/gramophile v0.435.0 h1:rrjNSnVia31dqcPGCBBOBKZYzJoMWsSg1AnIs6Xybvc=
github.com/brotherlogic/gramophile v0.435.0/go.mod h1:GnxjesiGYCOK0/im6JDQBY7AltyaE84stCTC0fM8LmM=
github.com/brotherlogic/gramophile v0.436.0 h1:ePMcirQIaYFF9tPIvItGENcR28RMSKqVH1dNt+EK424=
github.com/brotherlogic/gramophile v0.436.0/go.mod h1:CjlP4g2oUFIdH50juqyGHlP86Tk9dQ+NsTGuLFB5aSI=
github.com/brotherlogic/gramophile v0.438.0 h1:AHg0cCsggucp6tKEc6PcSJIsOZNuw5SY6b6F9QLrguM=
github.com/brotherlogic/gramophile v0.438.0/go.mod h1:ytZu0XDOI+56QnkfyhSC0FeSobspfpjlKlj5gzBoYyA=
github.com/brotherlogic/gramophile v0.440.0 h1:1E1tBIVS5MJuD2J04lCdPYaT6/aK/wUFRqHRwSdvaeU=
github.com/brotherlogic/gramophile v0.440.0/go.mod h1:ytZu0XDOI+56QnkfyhSC0FeSobspfpjlKlj5gzBoYyA=
github.com/brotherlogic/gramophile v0.441.0 h1:L3/nsHbqoZwjUJHlWvIj2DNRGGQNMK1VqQAIOyEnP4g=
github.com/brotherlogic/gramophile v0.441.0/go.mod h1:ytZu0XDOI+56QnkfyhSC0FeSobspfpjlKlj5gzBoYyA=
github.com/brotherlogic/gramophile v0.443.0 h1:rbMLFfEYftNfcf8Nkx30FlOys+ArTfYgeW53DzkLSho=
github.com/brotherlogic/gramophile v0.443.0/go.mod h1:ytZu0XDOI+56QnkfyhSC0FeSobspfpjlKlj5gzBoYyA=
github.com/brotherlogic/gramophile v0.446.0 h1:211lLh7FgQHSD4O8X9wd9JWDBOCrzi3xGrjkSKaTYLE=
github.com/brotherlogic/gramophile v0.446.0/go.mod h1:QHKZapxC96uOJyiujJSMg2Woc3HfbSgWPAQMt6Y4Gr8=
github.com/brotherlogic/gramophile v0.448.0 h1:fpHoFaPM5nv8w3hivlw/SxMCe5UgJe8OC3KznVNZrHM=
github.com/brotherlogic/gramophile v0.448.0/go.mod h1:QHKZapxC96uOJyiujJSMg2Woc3HfbSgWPAQMt6Y4Gr8=
github.com/brotherlogic/gramophile v0.449.0 h1:WU815+nldnuRj5d7EulxI2HJFv4CfAOTmD69O5C0Qe0=
github.com/brotherlogic/gramophile v0.449.0/go.mod h1:QHKZapxC96uOJyiujJSMg2Woc3HfbSgWPAQMt6Y4Gr8=
github.com/brotherlogic/gramophile v0.452.0 h1:QZe/B/hDA7MYFIYr2OXG9KXTNxt8/jD8lWs9tcO0JGA=
github.com/brotherlogic/gramophile v0.452.0/go.mod h1:QHKZapxC96uOJyiujJSMg2Woc3HfbSgWPAQMt6Y4Gr8=
github.com/brotherlogic/gramophile v0.453.0 h1:zIsdFmwBeZVFuPWiCxWYF31xNTR4MADX3ypigU/yA5E=
github.com/brotherlogic/gramophile v0.453.0/go.mod h1:QHKZapxC96uOJyiujJSMg2Woc3HfbSgWPAQMt6Y4Gr8=
github.com/brotherlogic/gramophile v0.455.0 h1:gsWlORaU/3ZEz3KY8cLDjkaboVmH+Krl5sOxNNaytag=
github.com/brotherlogic/gramophile v0.455.0/go.mod h1:rTIP9iBIBRDzVfPomXYgal19SiI/n3kiB+DVt9Kfij4=
github.com/brotherlogic/gramophile v0.456.0 h1:cpD+1V0RLCze8jMe4jhOX17AMqnJ5G++cXF74lhkpj0=
github.com/brotherlogic/gramophile v0.456.0/go.mod h1:rTIP9iBIBRDzVfPomXYgal19SiI/n3kiB+DVt9Kfij4=
github.com/brotherlogic/rstore v0.35.0 h1:Ebr6qZH2Q7bbA2SAyeAwfkqxmQLVd7UrlzdtNzT0qy0=
github.com/brotherlogic/rstore v0.35.0/go.mod h1:OvTUW9id/7lcCxTnh/0ZcvcGFLjIlHP3WQ0AdxnJyLg=
github.com/cespare/xxhash/v2 v2.2.0 h1:DC2CZ1Ep5Y4k3ZQ899DldepgrayRUGE6BBZ/cd9Cj44=
github.com/cespare/xxhash/v2 v2.2.0/go.mod h1:VGX0DQ3Q6kWi7AoAeZDth3/j3BFtOZR5XLFGgcrjCOs=
github.com/dghubble/oauth1 v0.7.2 h1:pwcinOZy8z6XkNxvPmUDY52M7RDPxt0Xw1zgZ6Cl5JA=
github.com/dghubble/oauth1 v0.7.2/go.mod h1:9erQdIhqhOHG/7K9s/tgh9Ks/AfoyrO5mW/43Lu2+kE=
github.com/golang/protobuf v1.2.0/go.mod h1:6lQm79b+lXiMfvg/cZm0SGofjICqVBUtrP5yJMmIC1U=
github.com/golang/protobuf v1.5.0/go.mod h1:FsONVRAS9T7sI+LIUmWTfcYkHO4aIWwzhcaSAoJOfIk=
github.com/golang/protobuf v1.5.3 h1:KhyjKVUg7Usr/dYsdSqoFveMYd5ko72D+zANwlG1mmg=
github.com/golang/protobuf v1.5.3/go.mod h1:XVQd3VNwM+JqD3oG2Ue2ip4fOMUkwXdXDdiuN0vRsmY=
github.com/google/go-cmp v0.5.5/go.mod h1:v8dTdLbMG2kIc/vJvl+f65V22dbkXbowE6jgT/gNBxE=
github.com/matttproud/golang_protobuf_extensions v1.0.4 h1:mmDVorXM7PCGKw94cs5zkfA9PSy5pEvNWRP0ET0TIVo=
github.com/matttproud/golang_protobuf_extensions v1.0.4/go.mod h1:BSXmuO+STAnVfrANrmjBb36TMTDstsz7MSK+HVaYKv4=
github.com/matttproud/golang_protobuf_extensions/v2 v2.0.0 h1:jWpvCLoY8Z/e3VKvlsiIGKtc+UG6U5vzxaoagmhXfyg=
github.com/matttproud/golang_protobuf_extensions/v2 v2.0.0/go.mod h1:QUyp042oQthUoa9bqDv0ER0wrtXnBruoNd7aNjkbP+k=
github.com/prometheus/client_golang v1.17.0 h1:rl2sfwZMtSthVU752MqfjQozy7blglC+1SOtjMAMh+Q=
github.com/prometheus/client_golang v1.17.0/go.mod h1:VeL+gMmOAxkS2IqfCq0ZmHSL+LjWfWDUmp1mBz9JgUY=
github.com/prometheus/client_model v0.5.0 h1:VQw1hfvPvk3Uv6Qf29VrPF32JB6rtbgI6cYPYQjL0Qw=
github.com/prometheus/client_model v0.5.0/go.mod h1:dTiFglRmd66nLR9Pv9f0mZi7B7fk5Pm3gvsjB5tr+kI=
github.com/prometheus/common v0.44.0 h1:+5BrQJwiBB9xsMygAB3TNvpQKOwlkc25LbISbrdOOfY=
github.com/prometheus/common v0.44.0/go.mod h1:ofAIvZbQ1e/nugmZGz4/qCb9Ap1VoSTIO7x0VV9VvuY=
github.com/prometheus/common v0.45.0 h1:2BGz0eBc2hdMDLnO/8n0jeB3oPrt2D08CekT0lneoxM=
github.com/prometheus/common v0.45.0/go.mod h1:YJmSTw9BoKxJplESWWxlbyttQR4uaEcGyv9MZjVOJsY=
github.com/prometheus/procfs v0.12.0 h1:jluTpSng7V9hY0O2R9DzzJHYb2xULk9VTR1V1R/k6Bo=
github.com/prometheus/procfs v0.12.0/go.mod h1:pcuDEFsWDnvcgNzo4EEweacyhjeA9Zk3cnaOZAZEfOo=
golang.org/x/net v0.17.0 h1:pVaXccu2ozPjCXewfr1S7xza/zcXTity9cCdXQYSjIM=
golang.org/x/net v0.17.0/go.mod h1:NxSsAGuq816PNPmqtQdLE42eU2Fs7NoRIZrHJAlaCOE=
golang.org/x/sync v0.0.0-20181221193216-37e7f081c4d4/go.mod h1:RxMgew5VJxzue5/jJTE5uejpjVlOe/izrB70Jof72aM=
golang.org/x/sys v0.13.0 h1:Af8nKPmuFypiUBjVoU9V20FiaFXOcuZI21p0ycVYYGE=
golang.org/x/sys v0.13.0/go.mod h1:oPkhp1MJrh7nUepCBck5+mAzfO9JrbApNNgaTdGDITg=
golang.org/x/text v0.13.0 h1:ablQoSUd0tRdKxZewP80B+BaqeKJuVhuRxj/dkrun3k=
golang.org/x/text v0.13.0/go.mod h1:TvPlkZtksWOMsz7fbANvkp4WM8x/WCo/om8BMLbz+aE=
golang.org/x/xerrors v0.0.0-20191204190536-9bdfabe68543/go.mod h1:I/5z698sn9Ka8TeJc9MKroUUfqBBauWjQqLJ2OPfmY0=
google.golang.org/genproto/googleapis/rpc v0.0.0-20231012201019-e917dd12ba7a h1:a2MQQVoTo96JC9PMGtGBymLp7+/RzpFc2yX/9WfFg1c=
google.golang.org/genproto/googleapis/rpc v0.0.0-20231012201019-e917dd12ba7a/go.mod h1:4cYg8o5yUbm77w8ZX00LhMVNl/YVBFJRYWDc0uYWMs0=
google.golang.org/genproto/googleapis/rpc v0.0.0-20231016165738-49dd2c1f3d0b h1:ZlWIi1wSK56/8hn4QcBp/j9M7Gt3U/3hZw3mC7vDICo=
google.golang.org/genproto/googleapis/rpc v0.0.0-20231016165738-49dd2c1f3d0b/go.mod h1:swOH3j0KzcDDgGUWr+SNpyTen5YrXjS3eyPzFYKc6lc=
google.golang.org/genproto/googleapis/rpc v0.0.0-20231030173426-d783a09b4405 h1:AB/lmRny7e2pLhFEYIbl5qkDAUt2h0ZRO4wGPhZf+ik=
google.golang.org/genproto/googleapis/rpc v0.0.0-20231030173426-d783a09b4405/go.mod h1:67X1fPuzjcrkymZzZV1vvkFeTn2Rvc6lYF9MYFGCcwE=
google.golang.org/grpc v1.58.3 h1:BjnpXut1btbtgN/6sp+brB2Kbm2LjNXnidYujAVbSoQ=
google.golang.org/grpc v1.58.3/go.mod h1:tgX3ZQDlNJGU96V6yHh1T/JeoBQ2TXdr43YbYSsCJk0=
google.golang.org/grpc v1.59.0 h1:Z5Iec2pjwb+LEOqzpB2MR12/eKFhDPhuqW91O+4bwUk=
google.golang.org/grpc v1.59.0/go.mod h1:aUPDwccQo6OTjy7Hct4AfBPD1GptF4fyUjIkQ9YtF98=
google.golang.org/protobuf v1.26.0-rc.1/go.mod h1:jlhhOSvTdKEhbULTjvd4ARK9grFBp09yW+WbY/TyQbw=
google.golang.org/protobuf v1.26.0/go.mod h1:9q0QmTI4eRPtz6boOQmLYwt+qCgq0jsYwAQnmE0givc=
google.golang.org/protobuf v1.31.0 h1:g0LDEJHgrBl9N9r17Ru3sqWhkIx2NB67okBHPwC7hs8=
google.golang.org/protobuf v1.31.0/go.mod h1:HV8QOd/L58Z+nl8r43ehVNZIU/HEI6OcFqwMG9pJV4I=
