github.com/beorn7/perks v1.0.1 h1:VlbKKnNfV8bJzeqoa4cOKqO6bYr3WgKZxO8Z16+hsOM=
github.com/beorn7/perks v1.0.1/go.mod h1:G2ZrVWU2WbWT9wwq4/hrbKbnv/1ERSJQ0ibhJ6rlkpw=
github.com/brotherlogic/discogs v0.0.0-20230821235815-2261e72e2493 h1:oMfMQL+mPOIysgUO9NiBeRhwDPlAX7oLZsG1XdXu+kA=
github.com/brotherlogic/discogs v0.0.0-20230821235815-2261e72e2493/go.mod h1:OUJ3vqv+ISm2PghImfazIO5bk7SXbuQfBbM+9Z/Pz+k=
github.com/brotherlogic/discogs v0.0.0-20230901234559-64337a1330d8 h1:pii6rmh/e5/wvZK5I75C61MeupK3uPhSQgIAAp6i9y4=
github.com/brotherlogic/discogs v0.0.0-20230901234559-64337a1330d8/go.mod h1:OUJ3vqv+ISm2PghImfazIO5bk7SXbuQfBbM+9Z/Pz+k=
github.com/brotherlogic/discogs v0.0.0-20230907231234-feea97de33e0 h1:J0MXjpy29JRLayHK0hnsf/BDdMshss1fdvS4wfcAOVI=
github.com/brotherlogic/discogs v0.0.0-20230907231234-feea97de33e0/go.mod h1:OUJ3vqv+ISm2PghImfazIO5bk7SXbuQfBbM+9Z/Pz+k=
github.com/brotherlogic/discogs v0.0.0-20230911182931-da855fac2cf0 h1:S1HFj3AsxqhhvFqGDlYDnoaGizlkYGLVFsJjZG3c2yc=
github.com/brotherlogic/discogs v0.0.0-20230911182931-da855fac2cf0/go.mod h1:OUJ3vqv+ISm2PghImfazIO5bk7SXbuQfBbM+9Z/Pz+k=
github.com/brotherlogic/discogs v0.0.0-20230911225422-fca01a07f700 h1:A0VY5Di15w2/9Yo7Q1Am1iNYzGNys/3SohZE2WYXW3A=
github.com/brotherlogic/discogs v0.0.0-20230911225422-fca01a07f700/go.mod h1:OUJ3vqv+ISm2PghImfazIO5bk7SXbuQfBbM+9Z/Pz+k=
github.com/brotherlogic/discogs v0.0.0-20230911231906-4e69f4b9738d h1:Xp8Pv/JV/K8yM1OHyhmqEtbgeBcnHbbCO+R2BjDzVAs=
github.com/brotherlogic/discogs v0.0.0-20230911231906-4e69f4b9738d/go.mod h1:OUJ3vqv+ISm2PghImfazIO5bk7SXbuQfBbM+9Z/Pz+k=
github.com/brotherlogic/discogs v0.0.0-20230911235838-6283d17d5191 h1:U79Rk/KB95ZOTl4cwc8u6GpiYyhbi0VSugDBkZj7kU0=
github.com/brotherlogic/discogs v0.0.0-20230911235838-6283d17d5191/go.mod h1:OUJ3vqv+ISm2PghImfazIO5bk7SXbuQfBbM+9Z/Pz+k=
github.com/brotherlogic/discogs v0.0.0-20230914015409-3b95a572c207 h1:G36bjRrIBHQqp22BBh9ujfBbavfxp7WnpNi6WStSQIA=
github.com/brotherlogic/discogs v0.0.0-20230914015409-3b95a572c207/go.mod h1:3xgdt6EWVktIbsF+QVkj8L/9Qs4e2ATLmGjgSNu1BDA=
github.com/brotherlogic/discogs v0.0.0-20230914021508-6c03fb688e71 h1:C0U3X412Kvg0ys/Ree91EIhTEC7DeUV1SK0QxyARwOU=
github.com/brotherlogic/discogs v0.0.0-20230914021508-6c03fb688e71/go.mod h1:3xgdt6EWVktIbsF+QVkj8L/9Qs4e2ATLmGjgSNu1BDA=
github.com/brotherlogic/discogs v0.0.0-20230915002228-7e4352399b8c h1:cJbhQxiBvrlPyUO7571BmfqIotZtGOw0hihK+DGjI/4=
github.com/brotherlogic/discogs v0.0.0-20230915002228-7e4352399b8c/go.mod h1:3xgdt6EWVktIbsF+QVkj8L/9Qs4e2ATLmGjgSNu1BDA=
github.com/brotherlogic/discogs v0.0.0-20230926022300-1f6c127f48dd h1:Ib9J+b+A1zkhQQqnNqzPpW5OvnPtI9ViFMnHgMpSXmM=
github.com/brotherlogic/discogs v0.0.0-20230926022300-1f6c127f48dd/go.mod h1:3xgdt6EWVktIbsF+QVkj8L/9Qs4e2ATLmGjgSNu1BDA=
github.com/brotherlogic/discogs v0.0.0-20230926034701-349b483a1ebb h1:R1280Ek80EL3Lni609Yo4a0VwLGZX1jmsMiapbv7lZs=
github.com/brotherlogic/discogs v0.0.0-20230926034701-349b483a1ebb/go.mod h1:3xgdt6EWVktIbsF+QVkj8L/9Qs4e2ATLmGjgSNu1BDA=
github.com/brotherlogic/discogs v0.0.0-20230929233032-4cbdbfc2680f h1:iG2lxIXCcUARB5ZYCmX27g1tD/WbAIOukhOkkhvAvw4=
github.com/brotherlogic/discogs v0.0.0-20230929233032-4cbdbfc2680f/go.mod h1:3xgdt6EWVktIbsF+QVkj8L/9Qs4e2ATLmGjgSNu1BDA=
github.com/brotherlogic/discogs v0.0.0-20231002043354-dff9f69cb7ac h1:nswEKjWboWvVo9KaTMN/d85cKm/emKRa/6UsKJ4HEEw=
github.com/brotherlogic/discogs v0.0.0-20231002043354-dff9f69cb7ac/go.mod h1:3xgdt6EWVktIbsF+QVkj8L/9Qs4e2ATLmGjgSNu1BDA=
github.com/brotherlogic/discogs v0.0.0-20231003001033-890a181f42ef h1:RwJx8BLSgWx15s/KzMqHKZItpkH7kRoGRK/syvHzmyo=
github.com/brotherlogic/discogs v0.0.0-20231003001033-890a181f42ef/go.mod h1:3xgdt6EWVktIbsF+QVkj8L/9Qs4e2ATLmGjgSNu1BDA=
github.com/brotherlogic/discogs v0.0.0-20231004035738-feb00d63eaaf h1:3dv1X3CtWLPK2ZjoKtLRv5GmFoI/i4Z5s7Q3AWlsLBo=
github.com/brotherlogic/discogs v0.0.0-20231004035738-feb00d63eaaf/go.mod h1:3xgdt6EWVktIbsF+QVkj8L/9Qs4e2ATLmGjgSNu1BDA=
github.com/brotherlogic/discogs v0.0.0-20231004041357-fae0ceaac73a h1:b+p+CuC3UG2PZYoDu8t/ETctdjwA4LLljhzDzYYTVGw=
github.com/brotherlogic/discogs v0.0.0-20231004041357-fae0ceaac73a/go.mod h1:3xgdt6EWVktIbsF+QVkj8L/9Qs4e2ATLmGjgSNu1BDA=
github.com/brotherlogic/gramophile v0.267.0 h1:FAMczQs1LsEBTAWfOIky3fPx+NJReKdkYxMoiERt6kg=
github.com/brotherlogic/gramophile v0.267.0/go.mod h1:oG7xxtGQxk3Hs/Gb2NV6nvLiTRCwTdV976d5N8c9Hn0=
github.com/brotherlogic/gramophile v0.285.0 h1:WMUVcmhgOXt9Bojz0lVWH59BmeTkUnCtvU9mH0p1JLs=
github.com/brotherlogic/gramophile v0.285.0/go.mod h1:xhcEH159fJB0yOl0fq+x6QhrstR+Hpa7veuWTLXb9pE=
github.com/brotherlogic/gramophile v0.297.0 h1:zOzHWwaFEyLjL9SsOAK0XqRekvlm7nijNQgDBLlKzIk=
github.com/brotherlogic/gramophile v0.297.0/go.mod h1:jas2j/LWA19weYbToiz9zjofoywvvTRdHJrVq4PpXDU=
github.com/brotherlogic/gramophile v0.304.0 h1:1FoVv1negQR68HkqQpI/+Uke4DP3h3lmNEptcO0qK7o=
github.com/brotherlogic/gramophile v0.304.0/go.mod h1:zqfVKRlEjVxHyTob2gn9VP6rqCHJQBuGizTCRwRh5AQ=
github.com/brotherlogic/gramophile v0.305.0 h1:dprKHvNEWu7TKZOUxP9whBWYKnkkw6Y92Kl6BGbF6Vo=
github.com/brotherlogic/gramophile v0.305.0/go.mod h1:zqfVKRlEjVxHyTob2gn9VP6rqCHJQBuGizTCRwRh5AQ=
github.com/brotherlogic/gramophile v0.306.0 h1:Lg9nqdrJgRS2vDd/KcFmJCaMMH90rjLK8b7/G5zqK34=
github.com/brotherlogic/gramophile v0.306.0/go.mod h1:zqfVKRlEjVxHyTob2gn9VP6rqCHJQBuGizTCRwRh5AQ=
github.com/brotherlogic/gramophile v0.307.0 h1:EHTf4a3CyenurtjCgTI2qpwNdiWJrAp7XUqLm1bTOno=
github.com/brotherlogic/gramophile v0.307.0/go.mod h1:3Q50MwklHpJNzFJGx/q0BHRBm/YTwSNFa/6rUwcCCWY=
github.com/brotherlogic/gramophile v0.309.0 h1:BjV0YRK3hIHK6sfrpyTx7tR0M8YDtWXK51hd2M+ZztU=
github.com/brotherlogic/gramophile v0.309.0/go.mod h1:3Q50MwklHpJNzFJGx/q0BHRBm/YTwSNFa/6rUwcCCWY=
github.com/brotherlogic/gramophile v0.312.0 h1:NLbBJWcQs36U7iJcWi9OUCtkY6ua/Ja4jDSQxEmgrmQ=
github.com/brotherlogic/gramophile v0.312.0/go.mod h1:u54Ivb2/rvBYpJyfHVIfsXyTkBbG463DSjbrVO74GWI=
github.com/brotherlogic/gramophile v0.313.0 h1:ngduF1kdxkSD7CSlzrxS7dHT2ZwStbvB0Lb0Kt5kjIM=
github.com/brotherlogic/gramophile v0.313.0/go.mod h1:u54Ivb2/rvBYpJyfHVIfsXyTkBbG463DSjbrVO74GWI=
github.com/brotherlogic/gramophile v0.315.0 h1:BVDkoU+BHx9GZQUCP0B6rFGisU2kpAYPQ0pg1mohU9A=
github.com/brotherlogic/gramophile v0.315.0/go.mod h1:u54Ivb2/rvBYpJyfHVIfsXyTkBbG463DSjbrVO74GWI=
github.com/brotherlogic/gramophile v0.319.0 h1:T6ie0NsabQoqzkqQtr+wY2GA0ZUsaeXuvmhzFVtdwRQ=
github.com/brotherlogic/gramophile v0.319.0/go.mod h1:u54Ivb2/rvBYpJyfHVIfsXyTkBbG463DSjbrVO74GWI=
github.com/brotherlogic/gramophile v0.320.0 h1:3ilGNMTmq/+t895MRExIHIaH+jA9ir3MYss6KQWeCVI=
github.com/brotherlogic/gramophile v0.320.0/go.mod h1:O5W5blKYD1O8W/oP88QjBOwe1B7QkpR+5QP7ycIEZN0=
github.com/brotherlogic/gramophile v0.321.0 h1:0Pxn4C8XuonX0fIPOS2qTH57r22HQNrGE1VbyjDFZFo=
github.com/brotherlogic/gramophile v0.321.0/go.mod h1:SXDIXZThSfMemfVOyMWLwGlISG8eIVKOuUxQFUVu8ZQ=
github.com/brotherlogic/gramophile v0.322.0 h1:3KEP5hcRS11xQBO40UfDsO5wB40zNUhmNba16D6aGjY=
github.com/brotherlogic/gramophile v0.322.0/go.mod h1:SXDIXZThSfMemfVOyMWLwGlISG8eIVKOuUxQFUVu8ZQ=
github.com/brotherlogic/gramophile v0.328.0 h1:j5yV094hCrvNOiZ+dxp5HOHRFZ/1Ul5o21gwcZ8UvXU=
github.com/brotherlogic/gramophile v0.328.0/go.mod h1:SXDIXZThSfMemfVOyMWLwGlISG8eIVKOuUxQFUVu8ZQ=
github.com/brotherlogic/gramophile v0.330.0 h1:IlXOIOuOxRVbq5aufBap7qbHXB6Y1xXF6lgPwsJCQCI=
github.com/brotherlogic/gramophile v0.330.0/go.mod h1:SXDIXZThSfMemfVOyMWLwGlISG8eIVKOuUxQFUVu8ZQ=
github.com/brotherlogic/gramophile v0.333.0 h1:YUn9eFR+TSRXVkrx3NCQduWVBV3rLnfkt9F7K1Griec=
github.com/brotherlogic/gramophile v0.333.0/go.mod h1:SXDIXZThSfMemfVOyMWLwGlISG8eIVKOuUxQFUVu8ZQ=
github.com/brotherlogic/gramophile v0.335.0 h1:4qTS60tWF4gWs5KkFACwFpRUCFokb+/TdazVUsNaKCQ=
github.com/brotherlogic/gramophile v0.335.0/go.mod h1:SXDIXZThSfMemfVOyMWLwGlISG8eIVKOuUxQFUVu8ZQ=
github.com/brotherlogic/gramophile v0.337.0 h1:CaKWB1zj/j70uD3XxGcCVgfZFNMP7GwwqZ18TpXGt9M=
github.com/brotherlogic/gramophile v0.337.0/go.mod h1:SXDIXZThSfMemfVOyMWLwGlISG8eIVKOuUxQFUVu8ZQ=
github.com/brotherlogic/gramophile v0.339.0 h1:ZBG8eUPL4yB2UuhA/DN/jio65iSguPpsVcq2G3IPArw=
github.com/brotherlogic/gramophile v0.339.0/go.mod h1:SXDIXZThSfMemfVOyMWLwGlISG8eIVKOuUxQFUVu8ZQ=
github.com/brotherlogic/gramophile v0.341.0 h1:JRG2iHWMtKJgeB4VY17ldOIqe6D0hlRVuYR2DKdDXXY=
github.com/brotherlogic/gramophile v0.341.0/go.mod h1:SXDIXZThSfMemfVOyMWLwGlISG8eIVKOuUxQFUVu8ZQ=
github.com/brotherlogic/gramophile v0.342.0 h1:V+SnK0FdnYPEPuYynrzijLXxBBJvLSpZrn1O5dA+Tjg=
github.com/brotherlogic/gramophile v0.342.0/go.mod h1:SXDIXZThSfMemfVOyMWLwGlISG8eIVKOuUxQFUVu8ZQ=
github.com/brotherlogic/gramophile v0.344.0 h1:83NL811Qu5aX61eofXYCnWGPbD3ZfTntKio7J3Cye7Y=
github.com/brotherlogic/gramophile v0.344.0/go.mod h1:SXDIXZThSfMemfVOyMWLwGlISG8eIVKOuUxQFUVu8ZQ=
github.com/brotherlogic/gramophile v0.346.0 h1:x5Cj6OKXVU9NzSM1/CN/FdTDnBo1OKveXwjbSzXU334=
github.com/brotherlogic/gramophile v0.346.0/go.mod h1:SXDIXZThSfMemfVOyMWLwGlISG8eIVKOuUxQFUVu8ZQ=
github.com/brotherlogic/gramophile v0.358.0 h1:JkR2H9YP6nHODcOMjf3tXqOLxcjFSQ573hqUcuRzr+U=
github.com/brotherlogic/gramophile v0.358.0/go.mod h1:nRzuMUgDblZTAy9U2tyndowEeCcbOPooBktsglZqWYQ=
github.com/brotherlogic/gramophile v0.361.0 h1:VTi3mz0vPFLfBPF1eMfKAeKQIrYuiwn7iLWUepC43iQ=
github.com/brotherlogic/gramophile v0.361.0/go.mod h1:nRzuMUgDblZTAy9U2tyndowEeCcbOPooBktsglZqWYQ=
github.com/brotherlogic/gramophile v0.363.0 h1:mLabHDAelONistbWCz4v0qZrWelMQW36wQRLVSxGUpw=
github.com/brotherlogic/gramophile v0.363.0/go.mod h1:nRzuMUgDblZTAy9U2tyndowEeCcbOPooBktsglZqWYQ=
github.com/brotherlogic/gramophile v0.364.0 h1:rqkI6F3Wekq2tn+R/FACqO4RbqSLOFBdwcjd1w63W2Q=
github.com/brotherlogic/gramophile v0.364.0/go.mod h1:nRzuMUgDblZTAy9U2tyndowEeCcbOPooBktsglZqWYQ=
github.com/brotherlogic/gramophile v0.376.0 h1:KiXKLM6wnPcQpcHIoL7wV8pd5CaIaGYcmvihon6+e+A=
github.com/brotherlogic/gramophile v0.376.0/go.mod h1:dzMtFiDnucgWrBL8VpwCv0lAe2qh02NYt5ReJJElln0=
github.com/brotherlogic/gramophile v0.378.0 h1:JiG3bo1Sk2VMeK/hjfXE7Ta2dVTYlIixs56TmxA4cLY=
github.com/brotherlogic/gramophile v0.378.0/go.mod h1:zqQ3cLTf5vdOMxt1o40On38ZRJC6WWSxN2ubCM9alW8=
<<<<<<< HEAD
github.com/brotherlogic/gramophile v0.381.0 h1:wtpsdLyb8cfnFa3HvBt5X9sImfXh9sVMExzsNgq/mZ4=
github.com/brotherlogic/gramophile v0.381.0/go.mod h1:JyCadPsEj2GEIPZcbCJKhwi1U7dt92MRgCqJsy8c2+s=
=======
>>>>>>> fb63e68 (Updates to new queue)
github.com/brotherlogic/gramophile v0.382.0 h1:ieUYDA8Zmt0JLOwdBfqggEDSMBaiB91MYqWF+R4ot6k=
github.com/brotherlogic/gramophile v0.382.0/go.mod h1:CZD+3htua/yA49B3FSPrEasFOGwcvNZ5FqdCv6caN00=
github.com/brotherlogic/gramophile v0.385.0 h1:u3EHCxy484g5OF4bLkw3ymEYC4VvbgzoTbeuruU+7xc=
github.com/brotherlogic/gramophile v0.385.0/go.mod h1:tytoKnvDTxatIjYK5dhjmIR7ocOMLfbAXId2xGwxTUY=
github.com/brotherlogic/gramophile v0.386.0 h1:lNkAZcuxcyijyZOj3yfnh8SkHH95oaV0bIWN4i7RwAI=
github.com/brotherlogic/gramophile v0.386.0/go.mod h1:tytoKnvDTxatIjYK5dhjmIR7ocOMLfbAXId2xGwxTUY=
github.com/brotherlogic/gramophile v0.387.0 h1:9z5P3tvNYFeD8G355PJtv7x+27KSEUs1j4GE9s3Z8Wc=
github.com/brotherlogic/gramophile v0.387.0/go.mod h1:tytoKnvDTxatIjYK5dhjmIR7ocOMLfbAXId2xGwxTUY=
github.com/brotherlogic/gramophile v0.388.0 h1:fM5HNLm0Lvfhlc+GYIkYPEa7ApJhpZvrMZ6TOvi1dlU=
github.com/brotherlogic/gramophile v0.388.0/go.mod h1:tytoKnvDTxatIjYK5dhjmIR7ocOMLfbAXId2xGwxTUY=
github.com/brotherlogic/gramophile v0.389.0 h1:Pingh8rRYT2eRAk51juJgTRZEo04Y0FZ/QV5gWmwF4A=
github.com/brotherlogic/gramophile v0.389.0/go.mod h1:tytoKnvDTxatIjYK5dhjmIR7ocOMLfbAXId2xGwxTUY=
github.com/brotherlogic/gramophile v0.390.0 h1:Xtk/B/3Ohc68nQNqIM+kAVtsOFbMZCl8II67/Ox5VFE=
github.com/brotherlogic/gramophile v0.390.0/go.mod h1:zUz81733EY4ShyU0zxP77glLUw3S6LF6MycEHZBkKYc=
github.com/brotherlogic/rstore v0.31.0 h1:ZsgNW9Q8AuxcWtxbJEmxOX47shnm1MNtATJ+kgOtSjA=
github.com/brotherlogic/rstore v0.31.0/go.mod h1:OvTUW9id/7lcCxTnh/0ZcvcGFLjIlHP3WQ0AdxnJyLg=
github.com/brotherlogic/rstore v0.34.0 h1:0C7B41u05UYC8q8i8oNxcZTlUf37hKp+ZfN4I30DKx0=
github.com/brotherlogic/rstore v0.34.0/go.mod h1:OvTUW9id/7lcCxTnh/0ZcvcGFLjIlHP3WQ0AdxnJyLg=
github.com/brotherlogic/rstore v0.35.0 h1:Ebr6qZH2Q7bbA2SAyeAwfkqxmQLVd7UrlzdtNzT0qy0=
github.com/brotherlogic/rstore v0.35.0/go.mod h1:OvTUW9id/7lcCxTnh/0ZcvcGFLjIlHP3WQ0AdxnJyLg=
github.com/cespare/xxhash/v2 v2.2.0 h1:DC2CZ1Ep5Y4k3ZQ899DldepgrayRUGE6BBZ/cd9Cj44=
github.com/cespare/xxhash/v2 v2.2.0/go.mod h1:VGX0DQ3Q6kWi7AoAeZDth3/j3BFtOZR5XLFGgcrjCOs=
github.com/davecgh/go-spew v1.1.1 h1:vj9j/u1bqnvCEfJOwUhtlOARqs3+rkHYY13jYWTU97c=
github.com/dghubble/oauth1 v0.7.2 h1:pwcinOZy8z6XkNxvPmUDY52M7RDPxt0Xw1zgZ6Cl5JA=
github.com/dghubble/oauth1 v0.7.2/go.mod h1:9erQdIhqhOHG/7K9s/tgh9Ks/AfoyrO5mW/43Lu2+kE=
github.com/golang/protobuf v1.2.0/go.mod h1:6lQm79b+lXiMfvg/cZm0SGofjICqVBUtrP5yJMmIC1U=
github.com/golang/protobuf v1.5.0/go.mod h1:FsONVRAS9T7sI+LIUmWTfcYkHO4aIWwzhcaSAoJOfIk=
github.com/golang/protobuf v1.5.3 h1:KhyjKVUg7Usr/dYsdSqoFveMYd5ko72D+zANwlG1mmg=
github.com/golang/protobuf v1.5.3/go.mod h1:XVQd3VNwM+JqD3oG2Ue2ip4fOMUkwXdXDdiuN0vRsmY=
github.com/google/go-cmp v0.5.5/go.mod h1:v8dTdLbMG2kIc/vJvl+f65V22dbkXbowE6jgT/gNBxE=
github.com/google/go-cmp v0.5.9 h1:O2Tfq5qg4qc4AmwVlvv0oLiVAGB7enBSJ2x2DqQFi38=
github.com/matttproud/golang_protobuf_extensions v1.0.4 h1:mmDVorXM7PCGKw94cs5zkfA9PSy5pEvNWRP0ET0TIVo=
github.com/matttproud/golang_protobuf_extensions v1.0.4/go.mod h1:BSXmuO+STAnVfrANrmjBb36TMTDstsz7MSK+HVaYKv4=
github.com/pmezard/go-difflib v1.0.0 h1:4DBwDE0NGyQoBHbLQYPwSUPoCMWR5BEzIk/f1lZbAQM=
github.com/prometheus/client_golang v1.16.0 h1:yk/hx9hDbrGHovbci4BY+pRMfSuuat626eFsHb7tmT8=
github.com/prometheus/client_golang v1.16.0/go.mod h1:Zsulrv/L9oM40tJ7T815tM89lFEugiJ9HzIqaAx4LKc=
github.com/prometheus/client_golang v1.17.0 h1:rl2sfwZMtSthVU752MqfjQozy7blglC+1SOtjMAMh+Q=
github.com/prometheus/client_golang v1.17.0/go.mod h1:VeL+gMmOAxkS2IqfCq0ZmHSL+LjWfWDUmp1mBz9JgUY=
github.com/prometheus/client_model v0.4.0 h1:5lQXD3cAg1OXBf4Wq03gTrXHeaV0TQvGfUooCfx1yqY=
github.com/prometheus/client_model v0.4.0/go.mod h1:oMQmHW1/JoDwqLtg57MGgP/Fb1CJEYF2imWWhWtMkYU=
github.com/prometheus/client_model v0.4.1-0.20230718164431-9a2bf3000d16 h1:v7DLqVdK4VrYkVD5diGdl4sxJurKJEMnODWRJlxV9oM=
github.com/prometheus/client_model v0.4.1-0.20230718164431-9a2bf3000d16/go.mod h1:oMQmHW1/JoDwqLtg57MGgP/Fb1CJEYF2imWWhWtMkYU=
github.com/prometheus/client_model v0.5.0 h1:VQw1hfvPvk3Uv6Qf29VrPF32JB6rtbgI6cYPYQjL0Qw=
github.com/prometheus/client_model v0.5.0/go.mod h1:dTiFglRmd66nLR9Pv9f0mZi7B7fk5Pm3gvsjB5tr+kI=
github.com/prometheus/common v0.44.0 h1:+5BrQJwiBB9xsMygAB3TNvpQKOwlkc25LbISbrdOOfY=
github.com/prometheus/common v0.44.0/go.mod h1:ofAIvZbQ1e/nugmZGz4/qCb9Ap1VoSTIO7x0VV9VvuY=
github.com/prometheus/procfs v0.11.1 h1:xRC8Iq1yyca5ypa9n1EZnWZkt7dwcoRPQwX/5gwaUuI=
github.com/prometheus/procfs v0.11.1/go.mod h1:eesXgaPo1q7lBpVMoMy0ZOFTth9hBn4W/y0/p/ScXhY=
github.com/prometheus/procfs v0.12.0 h1:jluTpSng7V9hY0O2R9DzzJHYb2xULk9VTR1V1R/k6Bo=
github.com/prometheus/procfs v0.12.0/go.mod h1:pcuDEFsWDnvcgNzo4EEweacyhjeA9Zk3cnaOZAZEfOo=
github.com/stretchr/testify v1.8.3 h1:RP3t2pwF7cMEbC1dqtB6poj3niw/9gnV4Cjg5oW5gtY=
golang.org/x/net v0.14.0 h1:BONx9s002vGdD9umnlX1Po8vOZmrgH34qlHcD1MfK14=
golang.org/x/net v0.14.0/go.mod h1:PpSgVXXLK0OxS0F31C1/tv6XNguvCrnXIDrFMspZIUI=
golang.org/x/net v0.15.0 h1:ugBLEUaxABaB5AJqW9enI0ACdci2RUd4eP51NTBvuJ8=
golang.org/x/net v0.15.0/go.mod h1:idbUs1IY1+zTqbi8yxTbhexhEEk5ur9LInksu6HrEpk=
golang.org/x/sync v0.0.0-20181221193216-37e7f081c4d4/go.mod h1:RxMgew5VJxzue5/jJTE5uejpjVlOe/izrB70Jof72aM=
golang.org/x/sys v0.11.0 h1:eG7RXZHdqOJ1i+0lgLgCpSXAp6M3LYlAo6osgSi0xOM=
golang.org/x/sys v0.11.0/go.mod h1:oPkhp1MJrh7nUepCBck5+mAzfO9JrbApNNgaTdGDITg=
golang.org/x/sys v0.12.0 h1:CM0HF96J0hcLAwsHPJZjfdNzs0gftsLfgKt57wWHJ0o=
golang.org/x/sys v0.12.0/go.mod h1:oPkhp1MJrh7nUepCBck5+mAzfO9JrbApNNgaTdGDITg=
golang.org/x/text v0.12.0 h1:k+n5B8goJNdU7hSvEtMUz3d1Q6D/XW4COJSJR6fN0mc=
golang.org/x/text v0.12.0/go.mod h1:TvPlkZtksWOMsz7fbANvkp4WM8x/WCo/om8BMLbz+aE=
golang.org/x/text v0.13.0 h1:ablQoSUd0tRdKxZewP80B+BaqeKJuVhuRxj/dkrun3k=
golang.org/x/text v0.13.0/go.mod h1:TvPlkZtksWOMsz7fbANvkp4WM8x/WCo/om8BMLbz+aE=
golang.org/x/xerrors v0.0.0-20191204190536-9bdfabe68543/go.mod h1:I/5z698sn9Ka8TeJc9MKroUUfqBBauWjQqLJ2OPfmY0=
google.golang.org/genproto/googleapis/rpc v0.0.0-20230814215434-ca7cfce7776a h1:5rTPHLf5eLPfqGvw3fLpEmUpko2Ky91ft14LxGs5BZc=
google.golang.org/genproto/googleapis/rpc v0.0.0-20230814215434-ca7cfce7776a/go.mod h1:+Bk1OCOj40wS2hwAMA+aCW9ypzm63QTBBHp6lQ3p+9M=
google.golang.org/genproto/googleapis/rpc v0.0.0-20230822172742-b8732ec3820d h1:uvYuEyMHKNt+lT4K3bN6fGswmK8qSvcreM3BwjDh+y4=
google.golang.org/genproto/googleapis/rpc v0.0.0-20230822172742-b8732ec3820d/go.mod h1:+Bk1OCOj40wS2hwAMA+aCW9ypzm63QTBBHp6lQ3p+9M=
google.golang.org/genproto/googleapis/rpc v0.0.0-20230911183012-2d3300fd4832 h1:o4LtQxebKIJ4vkzyhtD2rfUNZ20Zf0ik5YVP5E7G7VE=
google.golang.org/genproto/googleapis/rpc v0.0.0-20230911183012-2d3300fd4832/go.mod h1:+Bk1OCOj40wS2hwAMA+aCW9ypzm63QTBBHp6lQ3p+9M=
google.golang.org/genproto/googleapis/rpc v0.0.0-20230913181813-007df8e322eb h1:Isk1sSH7bovx8Rti2wZK0UZF6oraBDK74uoyLEEVFN0=
google.golang.org/genproto/googleapis/rpc v0.0.0-20230913181813-007df8e322eb/go.mod h1:+Bk1OCOj40wS2hwAMA+aCW9ypzm63QTBBHp6lQ3p+9M=
google.golang.org/genproto/googleapis/rpc v0.0.0-20230920204549-e6e6cdab5c13 h1:N3bU/SQDCDyD6R528GJ/PwW9KjYcJA3dgyH+MovAkIM=
google.golang.org/genproto/googleapis/rpc v0.0.0-20230920204549-e6e6cdab5c13/go.mod h1:KSqppvjFjtoCI+KGd4PELB0qLNxdJHRGqRI09mB6pQA=
google.golang.org/genproto/googleapis/rpc v0.0.0-20231002182017-d307bd883b97 h1:6GQBEOdGkX6MMTLT9V+TjtIRZCw9VPD5Z+yHY9wMgS0=
google.golang.org/genproto/googleapis/rpc v0.0.0-20231002182017-d307bd883b97/go.mod h1:v7nGkzlmW8P3n/bKmWBn2WpBjpOEx8Q6gMueudAmKfY=
google.golang.org/grpc v1.57.0 h1:kfzNeI/klCGD2YPMUlaGNT3pxvYfga7smW3Vth8Zsiw=
google.golang.org/grpc v1.57.0/go.mod h1:Sd+9RMTACXwmub0zcNY2c4arhtrbBYD1AUHI/dt16Mo=
google.golang.org/grpc v1.58.0 h1:32JY8YpPMSR45K+c3o6b8VL73V+rR8k+DeMIr4vRH8o=
google.golang.org/grpc v1.58.0/go.mod h1:tgX3ZQDlNJGU96V6yHh1T/JeoBQ2TXdr43YbYSsCJk0=
google.golang.org/grpc v1.58.1 h1:OL+Vz23DTtrrldqHK49FUOPHyY75rvFqJfXC84NYW58=
google.golang.org/grpc v1.58.1/go.mod h1:tgX3ZQDlNJGU96V6yHh1T/JeoBQ2TXdr43YbYSsCJk0=
google.golang.org/grpc v1.58.2 h1:SXUpjxeVF3FKrTYQI4f4KvbGD5u2xccdYdurwowix5I=
google.golang.org/grpc v1.58.2/go.mod h1:tgX3ZQDlNJGU96V6yHh1T/JeoBQ2TXdr43YbYSsCJk0=
google.golang.org/protobuf v1.26.0-rc.1/go.mod h1:jlhhOSvTdKEhbULTjvd4ARK9grFBp09yW+WbY/TyQbw=
google.golang.org/protobuf v1.26.0/go.mod h1:9q0QmTI4eRPtz6boOQmLYwt+qCgq0jsYwAQnmE0givc=
google.golang.org/protobuf v1.31.0 h1:g0LDEJHgrBl9N9r17Ru3sqWhkIx2NB67okBHPwC7hs8=
google.golang.org/protobuf v1.31.0/go.mod h1:HV8QOd/L58Z+nl8r43ehVNZIU/HEI6OcFqwMG9pJV4I=
gopkg.in/yaml.v3 v3.0.1 h1:fxVm/GzAzEWqLHuvctI91KS9hhNmmWOoWu0XTYJS7CA=
